
Microsoft Visual Studio Solution File, Format Version 11.00
# Visual Studio 2010
Project("{8BC9CEB8-8B4A-11D0-8D11-00A0C91BC942}") = "3d", "3d.vcxproj", "{B872C602-E459-40E0-B9AA-B953AF5F6603}"
EndProject
Project("{8BC9CEB8-8B4A-11D0-8D11-00A0C91BC942}") = "channel_groups", "channel_groups.vcxproj", "{351A00F7-D7FB-4688-8315-2B8E21EEEBCD}"
EndProject
Project("{8BC9CEB8-8B4A-11D0-8D11-00A0C91BC942}") = "convolution_reverb", "convolution_reverb.vcxproj", "{BF134938-4D82-4D2A-A343-D8BED188E253}"
EndProject
Project("{8BC9CEB8-8B4A-11D0-8D11-00A0C91BC942}") = "dsp_custom", "dsp_custom.vcxproj", "{B4CA2E95-FEA5-45A9-9580-DDB6E723C2D1}"
EndProject
Project("{8BC9CEB8-8B4A-11D0-8D11-00A0C91BC942}") = "dsp_effect_per_speaker", "dsp_effect_per_speaker.vcxproj", "{21BB9E7E-23A8-4F03-B064-2A5DED36ADE7}"
EndProject
Project("{8BC9CEB8-8B4A-11D0-8D11-00A0C91BC942}") = "dsp_inspector", "dsp_inspector.vcxproj", "{6DE6B852-870F-48B9-9D7D-63E5C9ACDD0D}"
EndProject
Project("{8BC9CEB8-8B4A-11D0-8D11-00A0C91BC942}") = "effects", "effects.vcxproj", "{D4DD01CD-D79C-4B9F-A48C-F1C53B0E50E7}"
EndProject
Project("{8BC9CEB8-8B4A-11D0-8D11-00A0C91BC942}") = "gapless_playback", "gapless_playback.vcxproj", "{21F7D5EC-6BBF-40E0-8D61-FFD2D6B308D9}"
EndProject
Project("{8BC9CEB8-8B4A-11D0-8D11-00A0C91BC942}") = "generate_tone", "generate_tone.vcxproj", "{034E1B9C-3B4F-4A82-8EB2-B48F36FF148F}"
EndProject
Project("{8BC9CEB8-8B4A-11D0-8D11-00A0C91BC942}") = "granular_synth", "granular_synth.vcxproj", "{6D8A2C30-EC39-4402-940B-ADC8592312CD}"
EndProject
Project("{8BC9CEB8-8B4A-11D0-8D11-00A0C91BC942}") = "load_from_memory", "load_from_memory.vcxproj", "{63FFC2C7-2B18-4405-B1DE-C7BBBFF4D453}"
EndProject
Project("{8BC9CEB8-8B4A-11D0-8D11-00A0C91BC942}") = "multiple_speaker", "multiple_speaker.vcxproj", "{08CC8E43-86D1-4749-AE55-1B50ADFBADEA}"
EndProject
Project("{8BC9CEB8-8B4A-11D0-8D11-00A0C91BC942}") = "multiple_system", "multiple_system.vcxproj", "{AE3492EE-F4A2-469D-8F4F-8492631610D0}"
EndProject
Project("{8BC9CEB8-8B4A-11D0-8D11-00A0C91BC942}") = "net_stream", "net_stream.vcxproj", "{210881CD-5A62-4183-9D24-923E65BC966C}"
EndProject
Project("{8BC9CEB8-8B4A-11D0-8D11-00A0C91BC942}") = "play_sound", "play_sound.vcxproj", "{67AA0A1E-65CC-424F-869D-7D01E6887A18}"
EndProject
Project("{8BC9CEB8-8B4A-11D0-8D11-00A0C91BC942}") = "play_stream", "play_stream.vcxproj", "{D1364F4E-BED8-4117-84F5-619D65489915}"
EndProject
Project("{8BC9CEB8-8B4A-11D0-8D11-00A0C91BC942}") = "record", "record.vcxproj", "{BC3137C0-0BAA-4D9D-9AB8-7C058FFACF6E}"
EndProject
Project("{8BC9CEB8-8B4A-11D0-8D11-00A0C91BC942}") = "record_enumeration", "record_enumeration.vcxproj", "{150AFB3B-6669-43FD-B3CA-3C2EE115030C}"
EndProject
Project("{8BC9CEB8-8B4A-11D0-8D11-00A0C91BC942}") = "user_created_sound", "user_created_sound.vcxproj", "{91581CC4-C769-43D2-B3D0-0D77E66FD7AA}"
EndProject
Project("{8BC9CEB8-8B4A-11D0-8D11-00A0C91BC942}") = "fmod_codec_raw", "fmod_codec_raw.vcxproj", "{7B3D6454-AB93-4ACA-B9B5-86AD3E7F77DB}"
EndProject
Project("{8BC9CEB8-8B4A-11D0-8D11-00A0C91BC942}") = "fmod_distance_filter", "fmod_distance_filter.vcxproj", "{A993FBAE-F970-403C-9DA6-0D0E91BE1509}"
EndProject
Project("{8BC9CEB8-8B4A-11D0-8D11-00A0C91BC942}") = "fmod_gain", "fmod_gain.vcxproj", "{ED1BA4E0-CD7E-437F-A2E8-D58D286FB98B}"
EndProject
Project("{8BC9CEB8-8B4A-11D0-8D11-00A0C91BC942}") = "fmod_noise", "fmod_noise.vcxproj", "{D2117362-E417-4F91-BEAA-00EAD9421529}"
EndProject
Global
	GlobalSection(SolutionConfigurationPlatforms) = preSolution
		Debug|AArch64-Android-NVIDIA = Debug|AArch64-Android-NVIDIA
		Debug|ARM-Android-NVIDIA = Debug|ARM-Android-NVIDIA
		Debug|x86-Android-NVIDIA = Debug|x86-Android-NVIDIA
		Release|AArch64-Android-NVIDIA = Release|AArch64-Android-NVIDIA
		Release|ARM-Android-NVIDIA = Release|ARM-Android-NVIDIA
		Release|x86-Android-NVIDIA = Release|x86-Android-NVIDIA
	EndGlobalSection
	GlobalSection(ProjectConfigurationPlatforms) = postSolution
		{B872C602-E459-40E0-B9AA-B953AF5F6603}.Debug|AArch64-Android-NVIDIA.ActiveCfg = Debug|AArch64-Android-NVIDIA
		{B872C602-E459-40E0-B9AA-B953AF5F6603}.Debug|AArch64-Android-NVIDIA.Build.0 = Debug|AArch64-Android-NVIDIA
		{B872C602-E459-40E0-B9AA-B953AF5F6603}.Debug|AArch64-Android-NVIDIA.Deploy.0 = Debug|AArch64-Android-NVIDIA
		{B872C602-E459-40E0-B9AA-B953AF5F6603}.Debug|ARM-Android-NVIDIA.ActiveCfg = Debug|ARM-Android-NVIDIA
		{B872C602-E459-40E0-B9AA-B953AF5F6603}.Debug|ARM-Android-NVIDIA.Build.0 = Debug|ARM-Android-NVIDIA
		{B872C602-E459-40E0-B9AA-B953AF5F6603}.Debug|ARM-Android-NVIDIA.Deploy.0 = Debug|ARM-Android-NVIDIA
		{B872C602-E459-40E0-B9AA-B953AF5F6603}.Debug|x86-Android-NVIDIA.ActiveCfg = Debug|x86-Android-NVIDIA
		{B872C602-E459-40E0-B9AA-B953AF5F6603}.Debug|x86-Android-NVIDIA.Build.0 = Debug|x86-Android-NVIDIA
		{B872C602-E459-40E0-B9AA-B953AF5F6603}.Debug|x86-Android-NVIDIA.Deploy.0 = Debug|x86-Android-NVIDIA
		{B872C602-E459-40E0-B9AA-B953AF5F6603}.Release|AArch64-Android-NVIDIA.ActiveCfg = Release|AArch64-Android-NVIDIA
		{B872C602-E459-40E0-B9AA-B953AF5F6603}.Release|AArch64-Android-NVIDIA.Build.0 = Release|AArch64-Android-NVIDIA
		{B872C602-E459-40E0-B9AA-B953AF5F6603}.Release|AArch64-Android-NVIDIA.Deploy.0 = Release|AArch64-Android-NVIDIA
		{B872C602-E459-40E0-B9AA-B953AF5F6603}.Release|ARM-Android-NVIDIA.ActiveCfg = Release|ARM-Android-NVIDIA
		{B872C602-E459-40E0-B9AA-B953AF5F6603}.Release|ARM-Android-NVIDIA.Build.0 = Release|ARM-Android-NVIDIA
		{B872C602-E459-40E0-B9AA-B953AF5F6603}.Release|ARM-Android-NVIDIA.Deploy.0 = Release|ARM-Android-NVIDIA
		{B872C602-E459-40E0-B9AA-B953AF5F6603}.Release|x86-Android-NVIDIA.ActiveCfg = Release|x86-Android-NVIDIA
		{B872C602-E459-40E0-B9AA-B953AF5F6603}.Release|x86-Android-NVIDIA.Build.0 = Release|x86-Android-NVIDIA
		{B872C602-E459-40E0-B9AA-B953AF5F6603}.Release|x86-Android-NVIDIA.Deploy.0 = Release|x86-Android-NVIDIA
		{351A00F7-D7FB-4688-8315-2B8E21EEEBCD}.Debug|AArch64-Android-NVIDIA.ActiveCfg = Debug|AArch64-Android-NVIDIA
		{351A00F7-D7FB-4688-8315-2B8E21EEEBCD}.Debug|AArch64-Android-NVIDIA.Build.0 = Debug|AArch64-Android-NVIDIA
		{351A00F7-D7FB-4688-8315-2B8E21EEEBCD}.Debug|AArch64-Android-NVIDIA.Deploy.0 = Debug|AArch64-Android-NVIDIA
		{351A00F7-D7FB-4688-8315-2B8E21EEEBCD}.Debug|ARM-Android-NVIDIA.ActiveCfg = Debug|ARM-Android-NVIDIA
		{351A00F7-D7FB-4688-8315-2B8E21EEEBCD}.Debug|ARM-Android-NVIDIA.Build.0 = Debug|ARM-Android-NVIDIA
		{351A00F7-D7FB-4688-8315-2B8E21EEEBCD}.Debug|ARM-Android-NVIDIA.Deploy.0 = Debug|ARM-Android-NVIDIA
		{351A00F7-D7FB-4688-8315-2B8E21EEEBCD}.Debug|x86-Android-NVIDIA.ActiveCfg = Debug|x86-Android-NVIDIA
		{351A00F7-D7FB-4688-8315-2B8E21EEEBCD}.Debug|x86-Android-NVIDIA.Build.0 = Debug|x86-Android-NVIDIA
		{351A00F7-D7FB-4688-8315-2B8E21EEEBCD}.Debug|x86-Android-NVIDIA.Deploy.0 = Debug|x86-Android-NVIDIA
		{351A00F7-D7FB-4688-8315-2B8E21EEEBCD}.Release|AArch64-Android-NVIDIA.ActiveCfg = Release|AArch64-Android-NVIDIA
		{351A00F7-D7FB-4688-8315-2B8E21EEEBCD}.Release|AArch64-Android-NVIDIA.Build.0 = Release|AArch64-Android-NVIDIA
		{351A00F7-D7FB-4688-8315-2B8E21EEEBCD}.Release|AArch64-Android-NVIDIA.Deploy.0 = Release|AArch64-Android-NVIDIA
		{351A00F7-D7FB-4688-8315-2B8E21EEEBCD}.Release|ARM-Android-NVIDIA.ActiveCfg = Release|ARM-Android-NVIDIA
		{351A00F7-D7FB-4688-8315-2B8E21EEEBCD}.Release|ARM-Android-NVIDIA.Build.0 = Release|ARM-Android-NVIDIA
		{351A00F7-D7FB-4688-8315-2B8E21EEEBCD}.Release|ARM-Android-NVIDIA.Deploy.0 = Release|ARM-Android-NVIDIA
		{351A00F7-D7FB-4688-8315-2B8E21EEEBCD}.Release|x86-Android-NVIDIA.ActiveCfg = Release|x86-Android-NVIDIA
		{351A00F7-D7FB-4688-8315-2B8E21EEEBCD}.Release|x86-Android-NVIDIA.Build.0 = Release|x86-Android-NVIDIA
		{351A00F7-D7FB-4688-8315-2B8E21EEEBCD}.Release|x86-Android-NVIDIA.Deploy.0 = Release|x86-Android-NVIDIA
		{BF134938-4D82-4D2A-A343-D8BED188E253}.Debug|AArch64-Android-NVIDIA.ActiveCfg = Debug|AArch64-Android-NVIDIA
		{BF134938-4D82-4D2A-A343-D8BED188E253}.Debug|AArch64-Android-NVIDIA.Build.0 = Debug|AArch64-Android-NVIDIA
		{BF134938-4D82-4D2A-A343-D8BED188E253}.Debug|AArch64-Android-NVIDIA.Deploy.0 = Debug|AArch64-Android-NVIDIA
		{BF134938-4D82-4D2A-A343-D8BED188E253}.Debug|ARM-Android-NVIDIA.ActiveCfg = Debug|ARM-Android-NVIDIA
		{BF134938-4D82-4D2A-A343-D8BED188E253}.Debug|ARM-Android-NVIDIA.Build.0 = Debug|ARM-Android-NVIDIA
		{BF134938-4D82-4D2A-A343-D8BED188E253}.Debug|ARM-Android-NVIDIA.Deploy.0 = Debug|ARM-Android-NVIDIA
		{BF134938-4D82-4D2A-A343-D8BED188E253}.Debug|x86-Android-NVIDIA.ActiveCfg = Debug|x86-Android-NVIDIA
		{BF134938-4D82-4D2A-A343-D8BED188E253}.Debug|x86-Android-NVIDIA.Build.0 = Debug|x86-Android-NVIDIA
		{BF134938-4D82-4D2A-A343-D8BED188E253}.Debug|x86-Android-NVIDIA.Deploy.0 = Debug|x86-Android-NVIDIA
		{BF134938-4D82-4D2A-A343-D8BED188E253}.Release|AArch64-Android-NVIDIA.ActiveCfg = Release|AArch64-Android-NVIDIA
		{BF134938-4D82-4D2A-A343-D8BED188E253}.Release|AArch64-Android-NVIDIA.Build.0 = Release|AArch64-Android-NVIDIA
		{BF134938-4D82-4D2A-A343-D8BED188E253}.Release|AArch64-Android-NVIDIA.Deploy.0 = Release|AArch64-Android-NVIDIA
		{BF134938-4D82-4D2A-A343-D8BED188E253}.Release|ARM-Android-NVIDIA.ActiveCfg = Release|ARM-Android-NVIDIA
		{BF134938-4D82-4D2A-A343-D8BED188E253}.Release|ARM-Android-NVIDIA.Build.0 = Release|ARM-Android-NVIDIA
		{BF134938-4D82-4D2A-A343-D8BED188E253}.Release|ARM-Android-NVIDIA.Deploy.0 = Release|ARM-Android-NVIDIA
		{BF134938-4D82-4D2A-A343-D8BED188E253}.Release|x86-Android-NVIDIA.ActiveCfg = Release|x86-Android-NVIDIA
		{BF134938-4D82-4D2A-A343-D8BED188E253}.Release|x86-Android-NVIDIA.Build.0 = Release|x86-Android-NVIDIA
		{BF134938-4D82-4D2A-A343-D8BED188E253}.Release|x86-Android-NVIDIA.Deploy.0 = Release|x86-Android-NVIDIA
		{B4CA2E95-FEA5-45A9-9580-DDB6E723C2D1}.Debug|AArch64-Android-NVIDIA.ActiveCfg = Debug|AArch64-Android-NVIDIA
		{B4CA2E95-FEA5-45A9-9580-DDB6E723C2D1}.Debug|AArch64-Android-NVIDIA.Build.0 = Debug|AArch64-Android-NVIDIA
		{B4CA2E95-FEA5-45A9-9580-DDB6E723C2D1}.Debug|AArch64-Android-NVIDIA.Deploy.0 = Debug|AArch64-Android-NVIDIA
		{B4CA2E95-FEA5-45A9-9580-DDB6E723C2D1}.Debug|ARM-Android-NVIDIA.ActiveCfg = Debug|ARM-Android-NVIDIA
		{B4CA2E95-FEA5-45A9-9580-DDB6E723C2D1}.Debug|ARM-Android-NVIDIA.Build.0 = Debug|ARM-Android-NVIDIA
		{B4CA2E95-FEA5-45A9-9580-DDB6E723C2D1}.Debug|ARM-Android-NVIDIA.Deploy.0 = Debug|ARM-Android-NVIDIA
		{B4CA2E95-FEA5-45A9-9580-DDB6E723C2D1}.Debug|x86-Android-NVIDIA.ActiveCfg = Debug|x86-Android-NVIDIA
		{B4CA2E95-FEA5-45A9-9580-DDB6E723C2D1}.Debug|x86-Android-NVIDIA.Build.0 = Debug|x86-Android-NVIDIA
		{B4CA2E95-FEA5-45A9-9580-DDB6E723C2D1}.Debug|x86-Android-NVIDIA.Deploy.0 = Debug|x86-Android-NVIDIA
		{B4CA2E95-FEA5-45A9-9580-DDB6E723C2D1}.Release|AArch64-Android-NVIDIA.ActiveCfg = Release|AArch64-Android-NVIDIA
		{B4CA2E95-FEA5-45A9-9580-DDB6E723C2D1}.Release|AArch64-Android-NVIDIA.Build.0 = Release|AArch64-Android-NVIDIA
		{B4CA2E95-FEA5-45A9-9580-DDB6E723C2D1}.Release|AArch64-Android-NVIDIA.Deploy.0 = Release|AArch64-Android-NVIDIA
		{B4CA2E95-FEA5-45A9-9580-DDB6E723C2D1}.Release|ARM-Android-NVIDIA.ActiveCfg = Release|ARM-Android-NVIDIA
		{B4CA2E95-FEA5-45A9-9580-DDB6E723C2D1}.Release|ARM-Android-NVIDIA.Build.0 = Release|ARM-Android-NVIDIA
		{B4CA2E95-FEA5-45A9-9580-DDB6E723C2D1}.Release|ARM-Android-NVIDIA.Deploy.0 = Release|ARM-Android-NVIDIA
		{B4CA2E95-FEA5-45A9-9580-DDB6E723C2D1}.Release|x86-Android-NVIDIA.ActiveCfg = Release|x86-Android-NVIDIA
		{B4CA2E95-FEA5-45A9-9580-DDB6E723C2D1}.Release|x86-Android-NVIDIA.Build.0 = Release|x86-Android-NVIDIA
		{B4CA2E95-FEA5-45A9-9580-DDB6E723C2D1}.Release|x86-Android-NVIDIA.Deploy.0 = Release|x86-Android-NVIDIA
		{21BB9E7E-23A8-4F03-B064-2A5DED36ADE7}.Debug|AArch64-Android-NVIDIA.ActiveCfg = Debug|AArch64-Android-NVIDIA
		{21BB9E7E-23A8-4F03-B064-2A5DED36ADE7}.Debug|AArch64-Android-NVIDIA.Build.0 = Debug|AArch64-Android-NVIDIA
		{21BB9E7E-23A8-4F03-B064-2A5DED36ADE7}.Debug|AArch64-Android-NVIDIA.Deploy.0 = Debug|AArch64-Android-NVIDIA
		{21BB9E7E-23A8-4F03-B064-2A5DED36ADE7}.Debug|ARM-Android-NVIDIA.ActiveCfg = Debug|ARM-Android-NVIDIA
		{21BB9E7E-23A8-4F03-B064-2A5DED36ADE7}.Debug|ARM-Android-NVIDIA.Build.0 = Debug|ARM-Android-NVIDIA
		{21BB9E7E-23A8-4F03-B064-2A5DED36ADE7}.Debug|ARM-Android-NVIDIA.Deploy.0 = Debug|ARM-Android-NVIDIA
		{21BB9E7E-23A8-4F03-B064-2A5DED36ADE7}.Debug|x86-Android-NVIDIA.ActiveCfg = Debug|x86-Android-NVIDIA
		{21BB9E7E-23A8-4F03-B064-2A5DED36ADE7}.Debug|x86-Android-NVIDIA.Build.0 = Debug|x86-Android-NVIDIA
		{21BB9E7E-23A8-4F03-B064-2A5DED36ADE7}.Debug|x86-Android-NVIDIA.Deploy.0 = Debug|x86-Android-NVIDIA
		{21BB9E7E-23A8-4F03-B064-2A5DED36ADE7}.Release|AArch64-Android-NVIDIA.ActiveCfg = Release|AArch64-Android-NVIDIA
		{21BB9E7E-23A8-4F03-B064-2A5DED36ADE7}.Release|AArch64-Android-NVIDIA.Build.0 = Release|AArch64-Android-NVIDIA
		{21BB9E7E-23A8-4F03-B064-2A5DED36ADE7}.Release|AArch64-Android-NVIDIA.Deploy.0 = Release|AArch64-Android-NVIDIA
		{21BB9E7E-23A8-4F03-B064-2A5DED36ADE7}.Release|ARM-Android-NVIDIA.ActiveCfg = Release|ARM-Android-NVIDIA
		{21BB9E7E-23A8-4F03-B064-2A5DED36ADE7}.Release|ARM-Android-NVIDIA.Build.0 = Release|ARM-Android-NVIDIA
		{21BB9E7E-23A8-4F03-B064-2A5DED36ADE7}.Release|ARM-Android-NVIDIA.Deploy.0 = Release|ARM-Android-NVIDIA
		{21BB9E7E-23A8-4F03-B064-2A5DED36ADE7}.Release|x86-Android-NVIDIA.ActiveCfg = Release|x86-Android-NVIDIA
		{21BB9E7E-23A8-4F03-B064-2A5DED36ADE7}.Release|x86-Android-NVIDIA.Build.0 = Release|x86-Android-NVIDIA
		{21BB9E7E-23A8-4F03-B064-2A5DED36ADE7}.Release|x86-Android-NVIDIA.Deploy.0 = Release|x86-Android-NVIDIA
		{6DE6B852-870F-48B9-9D7D-63E5C9ACDD0D}.Debug|AArch64-Android-NVIDIA.ActiveCfg = Debug|AArch64-Android-NVIDIA
		{6DE6B852-870F-48B9-9D7D-63E5C9ACDD0D}.Debug|AArch64-Android-NVIDIA.Build.0 = Debug|AArch64-Android-NVIDIA
		{6DE6B852-870F-48B9-9D7D-63E5C9ACDD0D}.Debug|AArch64-Android-NVIDIA.Deploy.0 = Debug|AArch64-Android-NVIDIA
		{6DE6B852-870F-48B9-9D7D-63E5C9ACDD0D}.Debug|ARM-Android-NVIDIA.ActiveCfg = Debug|ARM-Android-NVIDIA
		{6DE6B852-870F-48B9-9D7D-63E5C9ACDD0D}.Debug|ARM-Android-NVIDIA.Build.0 = Debug|ARM-Android-NVIDIA
		{6DE6B852-870F-48B9-9D7D-63E5C9ACDD0D}.Debug|ARM-Android-NVIDIA.Deploy.0 = Debug|ARM-Android-NVIDIA
		{6DE6B852-870F-48B9-9D7D-63E5C9ACDD0D}.Debug|x86-Android-NVIDIA.ActiveCfg = Debug|x86-Android-NVIDIA
		{6DE6B852-870F-48B9-9D7D-63E5C9ACDD0D}.Debug|x86-Android-NVIDIA.Build.0 = Debug|x86-Android-NVIDIA
		{6DE6B852-870F-48B9-9D7D-63E5C9ACDD0D}.Debug|x86-Android-NVIDIA.Deploy.0 = Debug|x86-Android-NVIDIA
		{6DE6B852-870F-48B9-9D7D-63E5C9ACDD0D}.Release|AArch64-Android-NVIDIA.ActiveCfg = Release|AArch64-Android-NVIDIA
		{6DE6B852-870F-48B9-9D7D-63E5C9ACDD0D}.Release|AArch64-Android-NVIDIA.Build.0 = Release|AArch64-Android-NVIDIA
		{6DE6B852-870F-48B9-9D7D-63E5C9ACDD0D}.Release|AArch64-Android-NVIDIA.Deploy.0 = Release|AArch64-Android-NVIDIA
		{6DE6B852-870F-48B9-9D7D-63E5C9ACDD0D}.Release|ARM-Android-NVIDIA.ActiveCfg = Release|ARM-Android-NVIDIA
		{6DE6B852-870F-48B9-9D7D-63E5C9ACDD0D}.Release|ARM-Android-NVIDIA.Build.0 = Release|ARM-Android-NVIDIA
		{6DE6B852-870F-48B9-9D7D-63E5C9ACDD0D}.Release|ARM-Android-NVIDIA.Deploy.0 = Release|ARM-Android-NVIDIA
		{6DE6B852-870F-48B9-9D7D-63E5C9ACDD0D}.Release|x86-Android-NVIDIA.ActiveCfg = Release|x86-Android-NVIDIA
		{6DE6B852-870F-48B9-9D7D-63E5C9ACDD0D}.Release|x86-Android-NVIDIA.Build.0 = Release|x86-Android-NVIDIA
		{6DE6B852-870F-48B9-9D7D-63E5C9ACDD0D}.Release|x86-Android-NVIDIA.Deploy.0 = Release|x86-Android-NVIDIA
		{D4DD01CD-D79C-4B9F-A48C-F1C53B0E50E7}.Debug|AArch64-Android-NVIDIA.ActiveCfg = Debug|AArch64-Android-NVIDIA
		{D4DD01CD-D79C-4B9F-A48C-F1C53B0E50E7}.Debug|AArch64-Android-NVIDIA.Build.0 = Debug|AArch64-Android-NVIDIA
		{D4DD01CD-D79C-4B9F-A48C-F1C53B0E50E7}.Debug|AArch64-Android-NVIDIA.Deploy.0 = Debug|AArch64-Android-NVIDIA
		{D4DD01CD-D79C-4B9F-A48C-F1C53B0E50E7}.Debug|ARM-Android-NVIDIA.ActiveCfg = Debug|ARM-Android-NVIDIA
		{D4DD01CD-D79C-4B9F-A48C-F1C53B0E50E7}.Debug|ARM-Android-NVIDIA.Build.0 = Debug|ARM-Android-NVIDIA
		{D4DD01CD-D79C-4B9F-A48C-F1C53B0E50E7}.Debug|ARM-Android-NVIDIA.Deploy.0 = Debug|ARM-Android-NVIDIA
		{D4DD01CD-D79C-4B9F-A48C-F1C53B0E50E7}.Debug|x86-Android-NVIDIA.ActiveCfg = Debug|x86-Android-NVIDIA
		{D4DD01CD-D79C-4B9F-A48C-F1C53B0E50E7}.Debug|x86-Android-NVIDIA.Build.0 = Debug|x86-Android-NVIDIA
		{D4DD01CD-D79C-4B9F-A48C-F1C53B0E50E7}.Debug|x86-Android-NVIDIA.Deploy.0 = Debug|x86-Android-NVIDIA
		{D4DD01CD-D79C-4B9F-A48C-F1C53B0E50E7}.Release|AArch64-Android-NVIDIA.ActiveCfg = Release|AArch64-Android-NVIDIA
		{D4DD01CD-D79C-4B9F-A48C-F1C53B0E50E7}.Release|AArch64-Android-NVIDIA.Build.0 = Release|AArch64-Android-NVIDIA
		{D4DD01CD-D79C-4B9F-A48C-F1C53B0E50E7}.Release|AArch64-Android-NVIDIA.Deploy.0 = Release|AArch64-Android-NVIDIA
		{D4DD01CD-D79C-4B9F-A48C-F1C53B0E50E7}.Release|ARM-Android-NVIDIA.ActiveCfg = Release|ARM-Android-NVIDIA
		{D4DD01CD-D79C-4B9F-A48C-F1C53B0E50E7}.Release|ARM-Android-NVIDIA.Build.0 = Release|ARM-Android-NVIDIA
		{D4DD01CD-D79C-4B9F-A48C-F1C53B0E50E7}.Release|ARM-Android-NVIDIA.Deploy.0 = Release|ARM-Android-NVIDIA
		{D4DD01CD-D79C-4B9F-A48C-F1C53B0E50E7}.Release|x86-Android-NVIDIA.ActiveCfg = Release|x86-Android-NVIDIA
		{D4DD01CD-D79C-4B9F-A48C-F1C53B0E50E7}.Release|x86-Android-NVIDIA.Build.0 = Release|x86-Android-NVIDIA
		{D4DD01CD-D79C-4B9F-A48C-F1C53B0E50E7}.Release|x86-Android-NVIDIA.Deploy.0 = Release|x86-Android-NVIDIA
		{21F7D5EC-6BBF-40E0-8D61-FFD2D6B308D9}.Debug|AArch64-Android-NVIDIA.ActiveCfg = Debug|AArch64-Android-NVIDIA
		{21F7D5EC-6BBF-40E0-8D61-FFD2D6B308D9}.Debug|AArch64-Android-NVIDIA.Build.0 = Debug|AArch64-Android-NVIDIA
		{21F7D5EC-6BBF-40E0-8D61-FFD2D6B308D9}.Debug|AArch64-Android-NVIDIA.Deploy.0 = Debug|AArch64-Android-NVIDIA
		{21F7D5EC-6BBF-40E0-8D61-FFD2D6B308D9}.Debug|ARM-Android-NVIDIA.ActiveCfg = Debug|ARM-Android-NVIDIA
		{21F7D5EC-6BBF-40E0-8D61-FFD2D6B308D9}.Debug|ARM-Android-NVIDIA.Build.0 = Debug|ARM-Android-NVIDIA
		{21F7D5EC-6BBF-40E0-8D61-FFD2D6B308D9}.Debug|ARM-Android-NVIDIA.Deploy.0 = Debug|ARM-Android-NVIDIA
		{21F7D5EC-6BBF-40E0-8D61-FFD2D6B308D9}.Debug|x86-Android-NVIDIA.ActiveCfg = Debug|x86-Android-NVIDIA
		{21F7D5EC-6BBF-40E0-8D61-FFD2D6B308D9}.Debug|x86-Android-NVIDIA.Build.0 = Debug|x86-Android-NVIDIA
		{21F7D5EC-6BBF-40E0-8D61-FFD2D6B308D9}.Debug|x86-Android-NVIDIA.Deploy.0 = Debug|x86-Android-NVIDIA
		{21F7D5EC-6BBF-40E0-8D61-FFD2D6B308D9}.Release|AArch64-Android-NVIDIA.ActiveCfg = Release|AArch64-Android-NVIDIA
		{21F7D5EC-6BBF-40E0-8D61-FFD2D6B308D9}.Release|AArch64-Android-NVIDIA.Build.0 = Release|AArch64-Android-NVIDIA
		{21F7D5EC-6BBF-40E0-8D61-FFD2D6B308D9}.Release|AArch64-Android-NVIDIA.Deploy.0 = Release|AArch64-Android-NVIDIA
		{21F7D5EC-6BBF-40E0-8D61-FFD2D6B308D9}.Release|ARM-Android-NVIDIA.ActiveCfg = Release|ARM-Android-NVIDIA
		{21F7D5EC-6BBF-40E0-8D61-FFD2D6B308D9}.Release|ARM-Android-NVIDIA.Build.0 = Release|ARM-Android-NVIDIA
		{21F7D5EC-6BBF-40E0-8D61-FFD2D6B308D9}.Release|ARM-Android-NVIDIA.Deploy.0 = Release|ARM-Android-NVIDIA
		{21F7D5EC-6BBF-40E0-8D61-FFD2D6B308D9}.Release|x86-Android-NVIDIA.ActiveCfg = Release|x86-Android-NVIDIA
		{21F7D5EC-6BBF-40E0-8D61-FFD2D6B308D9}.Release|x86-Android-NVIDIA.Build.0 = Release|x86-Android-NVIDIA
		{21F7D5EC-6BBF-40E0-8D61-FFD2D6B308D9}.Release|x86-Android-NVIDIA.Deploy.0 = Release|x86-Android-NVIDIA
		{034E1B9C-3B4F-4A82-8EB2-B48F36FF148F}.Debug|AArch64-Android-NVIDIA.ActiveCfg = Debug|AArch64-Android-NVIDIA
		{034E1B9C-3B4F-4A82-8EB2-B48F36FF148F}.Debug|AArch64-Android-NVIDIA.Build.0 = Debug|AArch64-Android-NVIDIA
		{034E1B9C-3B4F-4A82-8EB2-B48F36FF148F}.Debug|AArch64-Android-NVIDIA.Deploy.0 = Debug|AArch64-Android-NVIDIA
		{034E1B9C-3B4F-4A82-8EB2-B48F36FF148F}.Debug|ARM-Android-NVIDIA.ActiveCfg = Debug|ARM-Android-NVIDIA
		{034E1B9C-3B4F-4A82-8EB2-B48F36FF148F}.Debug|ARM-Android-NVIDIA.Build.0 = Debug|ARM-Android-NVIDIA
		{034E1B9C-3B4F-4A82-8EB2-B48F36FF148F}.Debug|ARM-Android-NVIDIA.Deploy.0 = Debug|ARM-Android-NVIDIA
		{034E1B9C-3B4F-4A82-8EB2-B48F36FF148F}.Debug|x86-Android-NVIDIA.ActiveCfg = Debug|x86-Android-NVIDIA
		{034E1B9C-3B4F-4A82-8EB2-B48F36FF148F}.Debug|x86-Android-NVIDIA.Build.0 = Debug|x86-Android-NVIDIA
		{034E1B9C-3B4F-4A82-8EB2-B48F36FF148F}.Debug|x86-Android-NVIDIA.Deploy.0 = Debug|x86-Android-NVIDIA
		{034E1B9C-3B4F-4A82-8EB2-B48F36FF148F}.Release|AArch64-Android-NVIDIA.ActiveCfg = Release|AArch64-Android-NVIDIA
		{034E1B9C-3B4F-4A82-8EB2-B48F36FF148F}.Release|AArch64-Android-NVIDIA.Build.0 = Release|AArch64-Android-NVIDIA
		{034E1B9C-3B4F-4A82-8EB2-B48F36FF148F}.Release|AArch64-Android-NVIDIA.Deploy.0 = Release|AArch64-Android-NVIDIA
		{034E1B9C-3B4F-4A82-8EB2-B48F36FF148F}.Release|ARM-Android-NVIDIA.ActiveCfg = Release|ARM-Android-NVIDIA
		{034E1B9C-3B4F-4A82-8EB2-B48F36FF148F}.Release|ARM-Android-NVIDIA.Build.0 = Release|ARM-Android-NVIDIA
		{034E1B9C-3B4F-4A82-8EB2-B48F36FF148F}.Release|ARM-Android-NVIDIA.Deploy.0 = Release|ARM-Android-NVIDIA
		{034E1B9C-3B4F-4A82-8EB2-B48F36FF148F}.Release|x86-Android-NVIDIA.ActiveCfg = Release|x86-Android-NVIDIA
		{034E1B9C-3B4F-4A82-8EB2-B48F36FF148F}.Release|x86-Android-NVIDIA.Build.0 = Release|x86-Android-NVIDIA
		{034E1B9C-3B4F-4A82-8EB2-B48F36FF148F}.Release|x86-Android-NVIDIA.Deploy.0 = Release|x86-Android-NVIDIA
		{6D8A2C30-EC39-4402-940B-ADC8592312CD}.Debug|AArch64-Android-NVIDIA.ActiveCfg = Debug|AArch64-Android-NVIDIA
		{6D8A2C30-EC39-4402-940B-ADC8592312CD}.Debug|AArch64-Android-NVIDIA.Build.0 = Debug|AArch64-Android-NVIDIA
		{6D8A2C30-EC39-4402-940B-ADC8592312CD}.Debug|AArch64-Android-NVIDIA.Deploy.0 = Debug|AArch64-Android-NVIDIA
		{6D8A2C30-EC39-4402-940B-ADC8592312CD}.Debug|ARM-Android-NVIDIA.ActiveCfg = Debug|ARM-Android-NVIDIA
		{6D8A2C30-EC39-4402-940B-ADC8592312CD}.Debug|ARM-Android-NVIDIA.Build.0 = Debug|ARM-Android-NVIDIA
		{6D8A2C30-EC39-4402-940B-ADC8592312CD}.Debug|ARM-Android-NVIDIA.Deploy.0 = Debug|ARM-Android-NVIDIA
		{6D8A2C30-EC39-4402-940B-ADC8592312CD}.Debug|x86-Android-NVIDIA.ActiveCfg = Debug|x86-Android-NVIDIA
		{6D8A2C30-EC39-4402-940B-ADC8592312CD}.Debug|x86-Android-NVIDIA.Build.0 = Debug|x86-Android-NVIDIA
		{6D8A2C30-EC39-4402-940B-ADC8592312CD}.Debug|x86-Android-NVIDIA.Deploy.0 = Debug|x86-Android-NVIDIA
		{6D8A2C30-EC39-4402-940B-ADC8592312CD}.Release|AArch64-Android-NVIDIA.ActiveCfg = Release|AArch64-Android-NVIDIA
		{6D8A2C30-EC39-4402-940B-ADC8592312CD}.Release|AArch64-Android-NVIDIA.Build.0 = Release|AArch64-Android-NVIDIA
		{6D8A2C30-EC39-4402-940B-ADC8592312CD}.Release|AArch64-Android-NVIDIA.Deploy.0 = Release|AArch64-Android-NVIDIA
		{6D8A2C30-EC39-4402-940B-ADC8592312CD}.Release|ARM-Android-NVIDIA.ActiveCfg = Release|ARM-Android-NVIDIA
		{6D8A2C30-EC39-4402-940B-ADC8592312CD}.Release|ARM-Android-NVIDIA.Build.0 = Release|ARM-Android-NVIDIA
		{6D8A2C30-EC39-4402-940B-ADC8592312CD}.Release|ARM-Android-NVIDIA.Deploy.0 = Release|ARM-Android-NVIDIA
		{6D8A2C30-EC39-4402-940B-ADC8592312CD}.Release|x86-Android-NVIDIA.ActiveCfg = Release|x86-Android-NVIDIA
		{6D8A2C30-EC39-4402-940B-ADC8592312CD}.Release|x86-Android-NVIDIA.Build.0 = Release|x86-Android-NVIDIA
		{6D8A2C30-EC39-4402-940B-ADC8592312CD}.Release|x86-Android-NVIDIA.Deploy.0 = Release|x86-Android-NVIDIA
		{63FFC2C7-2B18-4405-B1DE-C7BBBFF4D453}.Debug|AArch64-Android-NVIDIA.ActiveCfg = Debug|AArch64-Android-NVIDIA
		{63FFC2C7-2B18-4405-B1DE-C7BBBFF4D453}.Debug|AArch64-Android-NVIDIA.Build.0 = Debug|AArch64-Android-NVIDIA
		{63FFC2C7-2B18-4405-B1DE-C7BBBFF4D453}.Debug|AArch64-Android-NVIDIA.Deploy.0 = Debug|AArch64-Android-NVIDIA
		{63FFC2C7-2B18-4405-B1DE-C7BBBFF4D453}.Debug|ARM-Android-NVIDIA.ActiveCfg = Debug|ARM-Android-NVIDIA
		{63FFC2C7-2B18-4405-B1DE-C7BBBFF4D453}.Debug|ARM-Android-NVIDIA.Build.0 = Debug|ARM-Android-NVIDIA
		{63FFC2C7-2B18-4405-B1DE-C7BBBFF4D453}.Debug|ARM-Android-NVIDIA.Deploy.0 = Debug|ARM-Android-NVIDIA
		{63FFC2C7-2B18-4405-B1DE-C7BBBFF4D453}.Debug|x86-Android-NVIDIA.ActiveCfg = Debug|x86-Android-NVIDIA
		{63FFC2C7-2B18-4405-B1DE-C7BBBFF4D453}.Debug|x86-Android-NVIDIA.Build.0 = Debug|x86-Android-NVIDIA
		{63FFC2C7-2B18-4405-B1DE-C7BBBFF4D453}.Debug|x86-Android-NVIDIA.Deploy.0 = Debug|x86-Android-NVIDIA
		{63FFC2C7-2B18-4405-B1DE-C7BBBFF4D453}.Release|AArch64-Android-NVIDIA.ActiveCfg = Release|AArch64-Android-NVIDIA
		{63FFC2C7-2B18-4405-B1DE-C7BBBFF4D453}.Release|AArch64-Android-NVIDIA.Build.0 = Release|AArch64-Android-NVIDIA
		{63FFC2C7-2B18-4405-B1DE-C7BBBFF4D453}.Release|AArch64-Android-NVIDIA.Deploy.0 = Release|AArch64-Android-NVIDIA
		{63FFC2C7-2B18-4405-B1DE-C7BBBFF4D453}.Release|ARM-Android-NVIDIA.ActiveCfg = Release|ARM-Android-NVIDIA
		{63FFC2C7-2B18-4405-B1DE-C7BBBFF4D453}.Release|ARM-Android-NVIDIA.Build.0 = Release|ARM-Android-NVIDIA
		{63FFC2C7-2B18-4405-B1DE-C7BBBFF4D453}.Release|ARM-Android-NVIDIA.Deploy.0 = Release|ARM-Android-NVIDIA
		{63FFC2C7-2B18-4405-B1DE-C7BBBFF4D453}.Release|x86-Android-NVIDIA.ActiveCfg = Release|x86-Android-NVIDIA
		{63FFC2C7-2B18-4405-B1DE-C7BBBFF4D453}.Release|x86-Android-NVIDIA.Build.0 = Release|x86-Android-NVIDIA
		{63FFC2C7-2B18-4405-B1DE-C7BBBFF4D453}.Release|x86-Android-NVIDIA.Deploy.0 = Release|x86-Android-NVIDIA
		{08CC8E43-86D1-4749-AE55-1B50ADFBADEA}.Debug|AArch64-Android-NVIDIA.ActiveCfg = Debug|AArch64-Android-NVIDIA
		{08CC8E43-86D1-4749-AE55-1B50ADFBADEA}.Debug|AArch64-Android-NVIDIA.Build.0 = Debug|AArch64-Android-NVIDIA
		{08CC8E43-86D1-4749-AE55-1B50ADFBADEA}.Debug|AArch64-Android-NVIDIA.Deploy.0 = Debug|AArch64-Android-NVIDIA
		{08CC8E43-86D1-4749-AE55-1B50ADFBADEA}.Debug|ARM-Android-NVIDIA.ActiveCfg = Debug|ARM-Android-NVIDIA
		{08CC8E43-86D1-4749-AE55-1B50ADFBADEA}.Debug|ARM-Android-NVIDIA.Build.0 = Debug|ARM-Android-NVIDIA
		{08CC8E43-86D1-4749-AE55-1B50ADFBADEA}.Debug|ARM-Android-NVIDIA.Deploy.0 = Debug|ARM-Android-NVIDIA
		{08CC8E43-86D1-4749-AE55-1B50ADFBADEA}.Debug|x86-Android-NVIDIA.ActiveCfg = Debug|x86-Android-NVIDIA
		{08CC8E43-86D1-4749-AE55-1B50ADFBADEA}.Debug|x86-Android-NVIDIA.Build.0 = Debug|x86-Android-NVIDIA
		{08CC8E43-86D1-4749-AE55-1B50ADFBADEA}.Debug|x86-Android-NVIDIA.Deploy.0 = Debug|x86-Android-NVIDIA
		{08CC8E43-86D1-4749-AE55-1B50ADFBADEA}.Release|AArch64-Android-NVIDIA.ActiveCfg = Release|AArch64-Android-NVIDIA
		{08CC8E43-86D1-4749-AE55-1B50ADFBADEA}.Release|AArch64-Android-NVIDIA.Build.0 = Release|AArch64-Android-NVIDIA
		{08CC8E43-86D1-4749-AE55-1B50ADFBADEA}.Release|AArch64-Android-NVIDIA.Deploy.0 = Release|AArch64-Android-NVIDIA
		{08CC8E43-86D1-4749-AE55-1B50ADFBADEA}.Release|ARM-Android-NVIDIA.ActiveCfg = Release|ARM-Android-NVIDIA
		{08CC8E43-86D1-4749-AE55-1B50ADFBADEA}.Release|ARM-Android-NVIDIA.Build.0 = Release|ARM-Android-NVIDIA
		{08CC8E43-86D1-4749-AE55-1B50ADFBADEA}.Release|ARM-Android-NVIDIA.Deploy.0 = Release|ARM-Android-NVIDIA
		{08CC8E43-86D1-4749-AE55-1B50ADFBADEA}.Release|x86-Android-NVIDIA.ActiveCfg = Release|x86-Android-NVIDIA
		{08CC8E43-86D1-4749-AE55-1B50ADFBADEA}.Release|x86-Android-NVIDIA.Build.0 = Release|x86-Android-NVIDIA
		{08CC8E43-86D1-4749-AE55-1B50ADFBADEA}.Release|x86-Android-NVIDIA.Deploy.0 = Release|x86-Android-NVIDIA
		{AE3492EE-F4A2-469D-8F4F-8492631610D0}.Debug|AArch64-Android-NVIDIA.ActiveCfg = Debug|AArch64-Android-NVIDIA
		{AE3492EE-F4A2-469D-8F4F-8492631610D0}.Debug|AArch64-Android-NVIDIA.Build.0 = Debug|AArch64-Android-NVIDIA
		{AE3492EE-F4A2-469D-8F4F-8492631610D0}.Debug|AArch64-Android-NVIDIA.Deploy.0 = Debug|AArch64-Android-NVIDIA
		{AE3492EE-F4A2-469D-8F4F-8492631610D0}.Debug|ARM-Android-NVIDIA.ActiveCfg = Debug|ARM-Android-NVIDIA
		{AE3492EE-F4A2-469D-8F4F-8492631610D0}.Debug|ARM-Android-NVIDIA.Build.0 = Debug|ARM-Android-NVIDIA
		{AE3492EE-F4A2-469D-8F4F-8492631610D0}.Debug|ARM-Android-NVIDIA.Deploy.0 = Debug|ARM-Android-NVIDIA
		{AE3492EE-F4A2-469D-8F4F-8492631610D0}.Debug|x86-Android-NVIDIA.ActiveCfg = Debug|x86-Android-NVIDIA
		{AE3492EE-F4A2-469D-8F4F-8492631610D0}.Debug|x86-Android-NVIDIA.Build.0 = Debug|x86-Android-NVIDIA
		{AE3492EE-F4A2-469D-8F4F-8492631610D0}.Debug|x86-Android-NVIDIA.Deploy.0 = Debug|x86-Android-NVIDIA
		{AE3492EE-F4A2-469D-8F4F-8492631610D0}.Release|AArch64-Android-NVIDIA.ActiveCfg = Release|AArch64-Android-NVIDIA
		{AE3492EE-F4A2-469D-8F4F-8492631610D0}.Release|AArch64-Android-NVIDIA.Build.0 = Release|AArch64-Android-NVIDIA
		{AE3492EE-F4A2-469D-8F4F-8492631610D0}.Release|AArch64-Android-NVIDIA.Deploy.0 = Release|AArch64-Android-NVIDIA
		{AE3492EE-F4A2-469D-8F4F-8492631610D0}.Release|ARM-Android-NVIDIA.ActiveCfg = Release|ARM-Android-NVIDIA
		{AE3492EE-F4A2-469D-8F4F-8492631610D0}.Release|ARM-Android-NVIDIA.Build.0 = Release|ARM-Android-NVIDIA
		{AE3492EE-F4A2-469D-8F4F-8492631610D0}.Release|ARM-Android-NVIDIA.Deploy.0 = Release|ARM-Android-NVIDIA
		{AE3492EE-F4A2-469D-8F4F-8492631610D0}.Release|x86-Android-NVIDIA.ActiveCfg = Release|x86-Android-NVIDIA
		{AE3492EE-F4A2-469D-8F4F-8492631610D0}.Release|x86-Android-NVIDIA.Build.0 = Release|x86-Android-NVIDIA
		{AE3492EE-F4A2-469D-8F4F-8492631610D0}.Release|x86-Android-NVIDIA.Deploy.0 = Release|x86-Android-NVIDIA
		{210881CD-5A62-4183-9D24-923E65BC966C}.Debug|AArch64-Android-NVIDIA.ActiveCfg = Debug|AArch64-Android-NVIDIA
		{210881CD-5A62-4183-9D24-923E65BC966C}.Debug|AArch64-Android-NVIDIA.Build.0 = Debug|AArch64-Android-NVIDIA
		{210881CD-5A62-4183-9D24-923E65BC966C}.Debug|AArch64-Android-NVIDIA.Deploy.0 = Debug|AArch64-Android-NVIDIA
		{210881CD-5A62-4183-9D24-923E65BC966C}.Debug|ARM-Android-NVIDIA.ActiveCfg = Debug|ARM-Android-NVIDIA
		{210881CD-5A62-4183-9D24-923E65BC966C}.Debug|ARM-Android-NVIDIA.Build.0 = Debug|ARM-Android-NVIDIA
		{210881CD-5A62-4183-9D24-923E65BC966C}.Debug|ARM-Android-NVIDIA.Deploy.0 = Debug|ARM-Android-NVIDIA
		{210881CD-5A62-4183-9D24-923E65BC966C}.Debug|x86-Android-NVIDIA.ActiveCfg = Debug|x86-Android-NVIDIA
		{210881CD-5A62-4183-9D24-923E65BC966C}.Debug|x86-Android-NVIDIA.Build.0 = Debug|x86-Android-NVIDIA
		{210881CD-5A62-4183-9D24-923E65BC966C}.Debug|x86-Android-NVIDIA.Deploy.0 = Debug|x86-Android-NVIDIA
		{210881CD-5A62-4183-9D24-923E65BC966C}.Release|AArch64-Android-NVIDIA.ActiveCfg = Release|AArch64-Android-NVIDIA
		{210881CD-5A62-4183-9D24-923E65BC966C}.Release|AArch64-Android-NVIDIA.Build.0 = Release|AArch64-Android-NVIDIA
		{210881CD-5A62-4183-9D24-923E65BC966C}.Release|AArch64-Android-NVIDIA.Deploy.0 = Release|AArch64-Android-NVIDIA
		{210881CD-5A62-4183-9D24-923E65BC966C}.Release|ARM-Android-NVIDIA.ActiveCfg = Release|ARM-Android-NVIDIA
		{210881CD-5A62-4183-9D24-923E65BC966C}.Release|ARM-Android-NVIDIA.Build.0 = Release|ARM-Android-NVIDIA
		{210881CD-5A62-4183-9D24-923E65BC966C}.Release|ARM-Android-NVIDIA.Deploy.0 = Release|ARM-Android-NVIDIA
		{210881CD-5A62-4183-9D24-923E65BC966C}.Release|x86-Android-NVIDIA.ActiveCfg = Release|x86-Android-NVIDIA
		{210881CD-5A62-4183-9D24-923E65BC966C}.Release|x86-Android-NVIDIA.Build.0 = Release|x86-Android-NVIDIA
		{210881CD-5A62-4183-9D24-923E65BC966C}.Release|x86-Android-NVIDIA.Deploy.0 = Release|x86-Android-NVIDIA
		{67AA0A1E-65CC-424F-869D-7D01E6887A18}.Debug|AArch64-Android-NVIDIA.ActiveCfg = Debug|AArch64-Android-NVIDIA
		{67AA0A1E-65CC-424F-869D-7D01E6887A18}.Debug|AArch64-Android-NVIDIA.Build.0 = Debug|AArch64-Android-NVIDIA
		{67AA0A1E-65CC-424F-869D-7D01E6887A18}.Debug|AArch64-Android-NVIDIA.Deploy.0 = Debug|AArch64-Android-NVIDIA
		{67AA0A1E-65CC-424F-869D-7D01E6887A18}.Debug|ARM-Android-NVIDIA.ActiveCfg = Debug|ARM-Android-NVIDIA
		{67AA0A1E-65CC-424F-869D-7D01E6887A18}.Debug|ARM-Android-NVIDIA.Build.0 = Debug|ARM-Android-NVIDIA
		{67AA0A1E-65CC-424F-869D-7D01E6887A18}.Debug|ARM-Android-NVIDIA.Deploy.0 = Debug|ARM-Android-NVIDIA
		{67AA0A1E-65CC-424F-869D-7D01E6887A18}.Debug|x86-Android-NVIDIA.ActiveCfg = Debug|x86-Android-NVIDIA
		{67AA0A1E-65CC-424F-869D-7D01E6887A18}.Debug|x86-Android-NVIDIA.Build.0 = Debug|x86-Android-NVIDIA
		{67AA0A1E-65CC-424F-869D-7D01E6887A18}.Debug|x86-Android-NVIDIA.Deploy.0 = Debug|x86-Android-NVIDIA
		{67AA0A1E-65CC-424F-869D-7D01E6887A18}.Release|AArch64-Android-NVIDIA.ActiveCfg = Release|AArch64-Android-NVIDIA
		{67AA0A1E-65CC-424F-869D-7D01E6887A18}.Release|AArch64-Android-NVIDIA.Build.0 = Release|AArch64-Android-NVIDIA
		{67AA0A1E-65CC-424F-869D-7D01E6887A18}.Release|AArch64-Android-NVIDIA.Deploy.0 = Release|AArch64-Android-NVIDIA
		{67AA0A1E-65CC-424F-869D-7D01E6887A18}.Release|ARM-Android-NVIDIA.ActiveCfg = Release|ARM-Android-NVIDIA
		{67AA0A1E-65CC-424F-869D-7D01E6887A18}.Release|ARM-Android-NVIDIA.Build.0 = Release|ARM-Android-NVIDIA
		{67AA0A1E-65CC-424F-869D-7D01E6887A18}.Release|ARM-Android-NVIDIA.Deploy.0 = Release|ARM-Android-NVIDIA
		{67AA0A1E-65CC-424F-869D-7D01E6887A18}.Release|x86-Android-NVIDIA.ActiveCfg = Release|x86-Android-NVIDIA
		{67AA0A1E-65CC-424F-869D-7D01E6887A18}.Release|x86-Android-NVIDIA.Build.0 = Release|x86-Android-NVIDIA
		{67AA0A1E-65CC-424F-869D-7D01E6887A18}.Release|x86-Android-NVIDIA.Deploy.0 = Release|x86-Android-NVIDIA
		{D1364F4E-BED8-4117-84F5-619D65489915}.Debug|AArch64-Android-NVIDIA.ActiveCfg = Debug|AArch64-Android-NVIDIA
		{D1364F4E-BED8-4117-84F5-619D65489915}.Debug|AArch64-Android-NVIDIA.Build.0 = Debug|AArch64-Android-NVIDIA
		{D1364F4E-BED8-4117-84F5-619D65489915}.Debug|AArch64-Android-NVIDIA.Deploy.0 = Debug|AArch64-Android-NVIDIA
		{D1364F4E-BED8-4117-84F5-619D65489915}.Debug|ARM-Android-NVIDIA.ActiveCfg = Debug|ARM-Android-NVIDIA
		{D1364F4E-BED8-4117-84F5-619D65489915}.Debug|ARM-Android-NVIDIA.Build.0 = Debug|ARM-Android-NVIDIA
		{D1364F4E-BED8-4117-84F5-619D65489915}.Debug|ARM-Android-NVIDIA.Deploy.0 = Debug|ARM-Android-NVIDIA
		{D1364F4E-BED8-4117-84F5-619D65489915}.Debug|x86-Android-NVIDIA.ActiveCfg = Debug|x86-Android-NVIDIA
		{D1364F4E-BED8-4117-84F5-619D65489915}.Debug|x86-Android-NVIDIA.Build.0 = Debug|x86-Android-NVIDIA
		{D1364F4E-BED8-4117-84F5-619D65489915}.Debug|x86-Android-NVIDIA.Deploy.0 = Debug|x86-Android-NVIDIA
		{D1364F4E-BED8-4117-84F5-619D65489915}.Release|AArch64-Android-NVIDIA.ActiveCfg = Release|AArch64-Android-NVIDIA
		{D1364F4E-BED8-4117-84F5-619D65489915}.Release|AArch64-Android-NVIDIA.Build.0 = Release|AArch64-Android-NVIDIA
		{D1364F4E-BED8-4117-84F5-619D65489915}.Release|AArch64-Android-NVIDIA.Deploy.0 = Release|AArch64-Android-NVIDIA
		{D1364F4E-BED8-4117-84F5-619D65489915}.Release|ARM-Android-NVIDIA.ActiveCfg = Release|ARM-Android-NVIDIA
		{D1364F4E-BED8-4117-84F5-619D65489915}.Release|ARM-Android-NVIDIA.Build.0 = Release|ARM-Android-NVIDIA
		{D1364F4E-BED8-4117-84F5-619D65489915}.Release|ARM-Android-NVIDIA.Deploy.0 = Release|ARM-Android-NVIDIA
		{D1364F4E-BED8-4117-84F5-619D65489915}.Release|x86-Android-NVIDIA.ActiveCfg = Release|x86-Android-NVIDIA
		{D1364F4E-BED8-4117-84F5-619D65489915}.Release|x86-Android-NVIDIA.Build.0 = Release|x86-Android-NVIDIA
		{D1364F4E-BED8-4117-84F5-619D65489915}.Release|x86-Android-NVIDIA.Deploy.0 = Release|x86-Android-NVIDIA
		{BC3137C0-0BAA-4D9D-9AB8-7C058FFACF6E}.Debug|AArch64-Android-NVIDIA.ActiveCfg = Debug|AArch64-Android-NVIDIA
		{BC3137C0-0BAA-4D9D-9AB8-7C058FFACF6E}.Debug|AArch64-Android-NVIDIA.Build.0 = Debug|AArch64-Android-NVIDIA
		{BC3137C0-0BAA-4D9D-9AB8-7C058FFACF6E}.Debug|AArch64-Android-NVIDIA.Deploy.0 = Debug|AArch64-Android-NVIDIA
		{BC3137C0-0BAA-4D9D-9AB8-7C058FFACF6E}.Debug|ARM-Android-NVIDIA.ActiveCfg = Debug|ARM-Android-NVIDIA
		{BC3137C0-0BAA-4D9D-9AB8-7C058FFACF6E}.Debug|ARM-Android-NVIDIA.Build.0 = Debug|ARM-Android-NVIDIA
		{BC3137C0-0BAA-4D9D-9AB8-7C058FFACF6E}.Debug|ARM-Android-NVIDIA.Deploy.0 = Debug|ARM-Android-NVIDIA
		{BC3137C0-0BAA-4D9D-9AB8-7C058FFACF6E}.Debug|x86-Android-NVIDIA.ActiveCfg = Debug|x86-Android-NVIDIA
		{BC3137C0-0BAA-4D9D-9AB8-7C058FFACF6E}.Debug|x86-Android-NVIDIA.Build.0 = Debug|x86-Android-NVIDIA
		{BC3137C0-0BAA-4D9D-9AB8-7C058FFACF6E}.Debug|x86-Android-NVIDIA.Deploy.0 = Debug|x86-Android-NVIDIA
		{BC3137C0-0BAA-4D9D-9AB8-7C058FFACF6E}.Release|AArch64-Android-NVIDIA.ActiveCfg = Release|AArch64-Android-NVIDIA
		{BC3137C0-0BAA-4D9D-9AB8-7C058FFACF6E}.Release|AArch64-Android-NVIDIA.Build.0 = Release|AArch64-Android-NVIDIA
		{BC3137C0-0BAA-4D9D-9AB8-7C058FFACF6E}.Release|AArch64-Android-NVIDIA.Deploy.0 = Release|AArch64-Android-NVIDIA
		{BC3137C0-0BAA-4D9D-9AB8-7C058FFACF6E}.Release|ARM-Android-NVIDIA.ActiveCfg = Release|ARM-Android-NVIDIA
		{BC3137C0-0BAA-4D9D-9AB8-7C058FFACF6E}.Release|ARM-Android-NVIDIA.Build.0 = Release|ARM-Android-NVIDIA
		{BC3137C0-0BAA-4D9D-9AB8-7C058FFACF6E}.Release|ARM-Android-NVIDIA.Deploy.0 = Release|ARM-Android-NVIDIA
		{BC3137C0-0BAA-4D9D-9AB8-7C058FFACF6E}.Release|x86-Android-NVIDIA.ActiveCfg = Release|x86-Android-NVIDIA
		{BC3137C0-0BAA-4D9D-9AB8-7C058FFACF6E}.Release|x86-Android-NVIDIA.Build.0 = Release|x86-Android-NVIDIA
		{BC3137C0-0BAA-4D9D-9AB8-7C058FFACF6E}.Release|x86-Android-NVIDIA.Deploy.0 = Release|x86-Android-NVIDIA
		{150AFB3B-6669-43FD-B3CA-3C2EE115030C}.Debug|AArch64-Android-NVIDIA.ActiveCfg = Debug|AArch64-Android-NVIDIA
		{150AFB3B-6669-43FD-B3CA-3C2EE115030C}.Debug|AArch64-Android-NVIDIA.Build.0 = Debug|AArch64-Android-NVIDIA
		{150AFB3B-6669-43FD-B3CA-3C2EE115030C}.Debug|AArch64-Android-NVIDIA.Deploy.0 = Debug|AArch64-Android-NVIDIA
		{150AFB3B-6669-43FD-B3CA-3C2EE115030C}.Debug|ARM-Android-NVIDIA.ActiveCfg = Debug|ARM-Android-NVIDIA
		{150AFB3B-6669-43FD-B3CA-3C2EE115030C}.Debug|ARM-Android-NVIDIA.Build.0 = Debug|ARM-Android-NVIDIA
		{150AFB3B-6669-43FD-B3CA-3C2EE115030C}.Debug|ARM-Android-NVIDIA.Deploy.0 = Debug|ARM-Android-NVIDIA
		{150AFB3B-6669-43FD-B3CA-3C2EE115030C}.Debug|x86-Android-NVIDIA.ActiveCfg = Debug|x86-Android-NVIDIA
		{150AFB3B-6669-43FD-B3CA-3C2EE115030C}.Debug|x86-Android-NVIDIA.Build.0 = Debug|x86-Android-NVIDIA
		{150AFB3B-6669-43FD-B3CA-3C2EE115030C}.Debug|x86-Android-NVIDIA.Deploy.0 = Debug|x86-Android-NVIDIA
		{150AFB3B-6669-43FD-B3CA-3C2EE115030C}.Release|AArch64-Android-NVIDIA.ActiveCfg = Release|AArch64-Android-NVIDIA
		{150AFB3B-6669-43FD-B3CA-3C2EE115030C}.Release|AArch64-Android-NVIDIA.Build.0 = Release|AArch64-Android-NVIDIA
		{150AFB3B-6669-43FD-B3CA-3C2EE115030C}.Release|AArch64-Android-NVIDIA.Deploy.0 = Release|AArch64-Android-NVIDIA
		{150AFB3B-6669-43FD-B3CA-3C2EE115030C}.Release|ARM-Android-NVIDIA.ActiveCfg = Release|ARM-Android-NVIDIA
		{150AFB3B-6669-43FD-B3CA-3C2EE115030C}.Release|ARM-Android-NVIDIA.Build.0 = Release|ARM-Android-NVIDIA
		{150AFB3B-6669-43FD-B3CA-3C2EE115030C}.Release|ARM-Android-NVIDIA.Deploy.0 = Release|ARM-Android-NVIDIA
		{150AFB3B-6669-43FD-B3CA-3C2EE115030C}.Release|x86-Android-NVIDIA.ActiveCfg = Release|x86-Android-NVIDIA
		{150AFB3B-6669-43FD-B3CA-3C2EE115030C}.Release|x86-Android-NVIDIA.Build.0 = Release|x86-Android-NVIDIA
		{150AFB3B-6669-43FD-B3CA-3C2EE115030C}.Release|x86-Android-NVIDIA.Deploy.0 = Release|x86-Android-NVIDIA
		{91581CC4-C769-43D2-B3D0-0D77E66FD7AA}.Debug|AArch64-Android-NVIDIA.ActiveCfg = Debug|AArch64-Android-NVIDIA
		{91581CC4-C769-43D2-B3D0-0D77E66FD7AA}.Debug|AArch64-Android-NVIDIA.Build.0 = Debug|AArch64-Android-NVIDIA
		{91581CC4-C769-43D2-B3D0-0D77E66FD7AA}.Debug|AArch64-Android-NVIDIA.Deploy.0 = Debug|AArch64-Android-NVIDIA
		{91581CC4-C769-43D2-B3D0-0D77E66FD7AA}.Debug|ARM-Android-NVIDIA.ActiveCfg = Debug|ARM-Android-NVIDIA
		{91581CC4-C769-43D2-B3D0-0D77E66FD7AA}.Debug|ARM-Android-NVIDIA.Build.0 = Debug|ARM-Android-NVIDIA
		{91581CC4-C769-43D2-B3D0-0D77E66FD7AA}.Debug|ARM-Android-NVIDIA.Deploy.0 = Debug|ARM-Android-NVIDIA
		{91581CC4-C769-43D2-B3D0-0D77E66FD7AA}.Debug|x86-Android-NVIDIA.ActiveCfg = Debug|x86-Android-NVIDIA
		{91581CC4-C769-43D2-B3D0-0D77E66FD7AA}.Debug|x86-Android-NVIDIA.Build.0 = Debug|x86-Android-NVIDIA
		{91581CC4-C769-43D2-B3D0-0D77E66FD7AA}.Debug|x86-Android-NVIDIA.Deploy.0 = Debug|x86-Android-NVIDIA
		{91581CC4-C769-43D2-B3D0-0D77E66FD7AA}.Release|AArch64-Android-NVIDIA.ActiveCfg = Release|AArch64-Android-NVIDIA
		{91581CC4-C769-43D2-B3D0-0D77E66FD7AA}.Release|AArch64-Android-NVIDIA.Build.0 = Release|AArch64-Android-NVIDIA
		{91581CC4-C769-43D2-B3D0-0D77E66FD7AA}.Release|AArch64-Android-NVIDIA.Deploy.0 = Release|AArch64-Android-NVIDIA
		{91581CC4-C769-43D2-B3D0-0D77E66FD7AA}.Release|ARM-Android-NVIDIA.ActiveCfg = Release|ARM-Android-NVIDIA
		{91581CC4-C769-43D2-B3D0-0D77E66FD7AA}.Release|ARM-Android-NVIDIA.Build.0 = Release|ARM-Android-NVIDIA
		{91581CC4-C769-43D2-B3D0-0D77E66FD7AA}.Release|ARM-Android-NVIDIA.Deploy.0 = Release|ARM-Android-NVIDIA
		{91581CC4-C769-43D2-B3D0-0D77E66FD7AA}.Release|x86-Android-NVIDIA.ActiveCfg = Release|x86-Android-NVIDIA
		{91581CC4-C769-43D2-B3D0-0D77E66FD7AA}.Release|x86-Android-NVIDIA.Build.0 = Release|x86-Android-NVIDIA
		{91581CC4-C769-43D2-B3D0-0D77E66FD7AA}.Release|x86-Android-NVIDIA.Deploy.0 = Release|x86-Android-NVIDIA
		{7B3D6454-AB93-4ACA-B9B5-86AD3E7F77DB}.Debug|AArch64-Android-NVIDIA.ActiveCfg = Debug|AArch64-Android-NVIDIA
		{7B3D6454-AB93-4ACA-B9B5-86AD3E7F77DB}.Debug|AArch64-Android-NVIDIA.Build.0 = Debug|AArch64-Android-NVIDIA
		{7B3D6454-AB93-4ACA-B9B5-86AD3E7F77DB}.Debug|AArch64-Android-NVIDIA.Deploy.0 = Debug|AArch64-Android-NVIDIA
		{7B3D6454-AB93-4ACA-B9B5-86AD3E7F77DB}.Debug|ARM-Android-NVIDIA.ActiveCfg = Debug|ARM-Android-NVIDIA
		{7B3D6454-AB93-4ACA-B9B5-86AD3E7F77DB}.Debug|ARM-Android-NVIDIA.Build.0 = Debug|ARM-Android-NVIDIA
		{7B3D6454-AB93-4ACA-B9B5-86AD3E7F77DB}.Debug|ARM-Android-NVIDIA.Deploy.0 = Debug|ARM-Android-NVIDIA
		{7B3D6454-AB93-4ACA-B9B5-86AD3E7F77DB}.Debug|x86-Android-NVIDIA.ActiveCfg = Debug|x86-Android-NVIDIA
		{7B3D6454-AB93-4ACA-B9B5-86AD3E7F77DB}.Debug|x86-Android-NVIDIA.Build.0 = Debug|x86-Android-NVIDIA
		{7B3D6454-AB93-4ACA-B9B5-86AD3E7F77DB}.Debug|x86-Android-NVIDIA.Deploy.0 = Debug|x86-Android-NVIDIA
		{7B3D6454-AB93-4ACA-B9B5-86AD3E7F77DB}.Release|AArch64-Android-NVIDIA.ActiveCfg = Release|AArch64-Android-NVIDIA
		{7B3D6454-AB93-4ACA-B9B5-86AD3E7F77DB}.Release|AArch64-Android-NVIDIA.Build.0 = Release|AArch64-Android-NVIDIA
		{7B3D6454-AB93-4ACA-B9B5-86AD3E7F77DB}.Release|AArch64-Android-NVIDIA.Deploy.0 = Release|AArch64-Android-NVIDIA
		{7B3D6454-AB93-4ACA-B9B5-86AD3E7F77DB}.Release|ARM-Android-NVIDIA.ActiveCfg = Release|ARM-Android-NVIDIA
		{7B3D6454-AB93-4ACA-B9B5-86AD3E7F77DB}.Release|ARM-Android-NVIDIA.Build.0 = Release|ARM-Android-NVIDIA
		{7B3D6454-AB93-4ACA-B9B5-86AD3E7F77DB}.Release|ARM-Android-NVIDIA.Deploy.0 = Release|ARM-Android-NVIDIA
		{7B3D6454-AB93-4ACA-B9B5-86AD3E7F77DB}.Release|x86-Android-NVIDIA.ActiveCfg = Release|x86-Android-NVIDIA
		{7B3D6454-AB93-4ACA-B9B5-86AD3E7F77DB}.Release|x86-Android-NVIDIA.Build.0 = Release|x86-Android-NVIDIA
		{7B3D6454-AB93-4ACA-B9B5-86AD3E7F77DB}.Release|x86-Android-NVIDIA.Deploy.0 = Release|x86-Android-NVIDIA
		{A993FBAE-F970-403C-9DA6-0D0E91BE1509}.Debug|AArch64-Android-NVIDIA.ActiveCfg = Debug|AArch64-Android-NVIDIA
		{A993FBAE-F970-403C-9DA6-0D0E91BE1509}.Debug|AArch64-Android-NVIDIA.Build.0 = Debug|AArch64-Android-NVIDIA
		{A993FBAE-F970-403C-9DA6-0D0E91BE1509}.Debug|AArch64-Android-NVIDIA.Deploy.0 = Debug|AArch64-Android-NVIDIA
		{A993FBAE-F970-403C-9DA6-0D0E91BE1509}.Debug|ARM-Android-NVIDIA.ActiveCfg = Debug|ARM-Android-NVIDIA
		{A993FBAE-F970-403C-9DA6-0D0E91BE1509}.Debug|ARM-Android-NVIDIA.Build.0 = Debug|ARM-Android-NVIDIA
		{A993FBAE-F970-403C-9DA6-0D0E91BE1509}.Debug|ARM-Android-NVIDIA.Deploy.0 = Debug|ARM-Android-NVIDIA
		{A993FBAE-F970-403C-9DA6-0D0E91BE1509}.Debug|x86-Android-NVIDIA.ActiveCfg = Debug|x86-Android-NVIDIA
		{A993FBAE-F970-403C-9DA6-0D0E91BE1509}.Debug|x86-Android-NVIDIA.Build.0 = Debug|x86-Android-NVIDIA
		{A993FBAE-F970-403C-9DA6-0D0E91BE1509}.Debug|x86-Android-NVIDIA.Deploy.0 = Debug|x86-Android-NVIDIA
		{A993FBAE-F970-403C-9DA6-0D0E91BE1509}.Release|AArch64-Android-NVIDIA.ActiveCfg = Release|AArch64-Android-NVIDIA
		{A993FBAE-F970-403C-9DA6-0D0E91BE1509}.Release|AArch64-Android-NVIDIA.Build.0 = Release|AArch64-Android-NVIDIA
		{A993FBAE-F970-403C-9DA6-0D0E91BE1509}.Release|AArch64-Android-NVIDIA.Deploy.0 = Release|AArch64-Android-NVIDIA
		{A993FBAE-F970-403C-9DA6-0D0E91BE1509}.Release|ARM-Android-NVIDIA.ActiveCfg = Release|ARM-Android-NVIDIA
		{A993FBAE-F970-403C-9DA6-0D0E91BE1509}.Release|ARM-Android-NVIDIA.Build.0 = Release|ARM-Android-NVIDIA
		{A993FBAE-F970-403C-9DA6-0D0E91BE1509}.Release|ARM-Android-NVIDIA.Deploy.0 = Release|ARM-Android-NVIDIA
		{A993FBAE-F970-403C-9DA6-0D0E91BE1509}.Release|x86-Android-NVIDIA.ActiveCfg = Release|x86-Android-NVIDIA
		{A993FBAE-F970-403C-9DA6-0D0E91BE1509}.Release|x86-Android-NVIDIA.Build.0 = Release|x86-Android-NVIDIA
		{A993FBAE-F970-403C-9DA6-0D0E91BE1509}.Release|x86-Android-NVIDIA.Deploy.0 = Release|x86-Android-NVIDIA
		{ED1BA4E0-CD7E-437F-A2E8-D58D286FB98B}.Debug|AArch64-Android-NVIDIA.ActiveCfg = Debug|AArch64-Android-NVIDIA
		{ED1BA4E0-CD7E-437F-A2E8-D58D286FB98B}.Debug|AArch64-Android-NVIDIA.Build.0 = Debug|AArch64-Android-NVIDIA
		{ED1BA4E0-CD7E-437F-A2E8-D58D286FB98B}.Debug|AArch64-Android-NVIDIA.Deploy.0 = Debug|AArch64-Android-NVIDIA
		{ED1BA4E0-CD7E-437F-A2E8-D58D286FB98B}.Debug|ARM-Android-NVIDIA.ActiveCfg = Debug|ARM-Android-NVIDIA
		{ED1BA4E0-CD7E-437F-A2E8-D58D286FB98B}.Debug|ARM-Android-NVIDIA.Build.0 = Debug|ARM-Android-NVIDIA
		{ED1BA4E0-CD7E-437F-A2E8-D58D286FB98B}.Debug|ARM-Android-NVIDIA.Deploy.0 = Debug|ARM-Android-NVIDIA
		{ED1BA4E0-CD7E-437F-A2E8-D58D286FB98B}.Debug|x86-Android-NVIDIA.ActiveCfg = Debug|x86-Android-NVIDIA
		{ED1BA4E0-CD7E-437F-A2E8-D58D286FB98B}.Debug|x86-Android-NVIDIA.Build.0 = Debug|x86-Android-NVIDIA
		{ED1BA4E0-CD7E-437F-A2E8-D58D286FB98B}.Debug|x86-Android-NVIDIA.Deploy.0 = Debug|x86-Android-NVIDIA
		{ED1BA4E0-CD7E-437F-A2E8-D58D286FB98B}.Release|AArch64-Android-NVIDIA.ActiveCfg = Release|AArch64-Android-NVIDIA
		{ED1BA4E0-CD7E-437F-A2E8-D58D286FB98B}.Release|AArch64-Android-NVIDIA.Build.0 = Release|AArch64-Android-NVIDIA
		{ED1BA4E0-CD7E-437F-A2E8-D58D286FB98B}.Release|AArch64-Android-NVIDIA.Deploy.0 = Release|AArch64-Android-NVIDIA
		{ED1BA4E0-CD7E-437F-A2E8-D58D286FB98B}.Release|ARM-Android-NVIDIA.ActiveCfg = Release|ARM-Android-NVIDIA
		{ED1BA4E0-CD7E-437F-A2E8-D58D286FB98B}.Release|ARM-Android-NVIDIA.Build.0 = Release|ARM-Android-NVIDIA
		{ED1BA4E0-CD7E-437F-A2E8-D58D286FB98B}.Release|ARM-Android-NVIDIA.Deploy.0 = Release|ARM-Android-NVIDIA
		{ED1BA4E0-CD7E-437F-A2E8-D58D286FB98B}.Release|x86-Android-NVIDIA.ActiveCfg = Release|x86-Android-NVIDIA
		{ED1BA4E0-CD7E-437F-A2E8-D58D286FB98B}.Release|x86-Android-NVIDIA.Build.0 = Release|x86-Android-NVIDIA
		{ED1BA4E0-CD7E-437F-A2E8-D58D286FB98B}.Release|x86-Android-NVIDIA.Deploy.0 = Release|x86-Android-NVIDIA
		{D2117362-E417-4F91-BEAA-00EAD9421529}.Debug|AArch64-Android-NVIDIA.ActiveCfg = Debug|AArch64-Android-NVIDIA
		{D2117362-E417-4F91-BEAA-00EAD9421529}.Debug|AArch64-Android-NVIDIA.Build.0 = Debug|AArch64-Android-NVIDIA
		{D2117362-E417-4F91-BEAA-00EAD9421529}.Debug|AArch64-Android-NVIDIA.Deploy.0 = Debug|AArch64-Android-NVIDIA
		{D2117362-E417-4F91-BEAA-00EAD9421529}.Debug|ARM-Android-NVIDIA.ActiveCfg = Debug|ARM-Android-NVIDIA
		{D2117362-E417-4F91-BEAA-00EAD9421529}.Debug|ARM-Android-NVIDIA.Build.0 = Debug|ARM-Android-NVIDIA
		{D2117362-E417-4F91-BEAA-00EAD9421529}.Debug|ARM-Android-NVIDIA.Deploy.0 = Debug|ARM-Android-NVIDIA
		{D2117362-E417-4F91-BEAA-00EAD9421529}.Debug|x86-Android-NVIDIA.ActiveCfg = Debug|x86-Android-NVIDIA
		{D2117362-E417-4F91-BEAA-00EAD9421529}.Debug|x86-Android-NVIDIA.Build.0 = Debug|x86-Android-NVIDIA
		{D2117362-E417-4F91-BEAA-00EAD9421529}.Debug|x86-Android-NVIDIA.Deploy.0 = Debug|x86-Android-NVIDIA
		{D2117362-E417-4F91-BEAA-00EAD9421529}.Release|AArch64-Android-NVIDIA.ActiveCfg = Release|AArch64-Android-NVIDIA
		{D2117362-E417-4F91-BEAA-00EAD9421529}.Release|AArch64-Android-NVIDIA.Build.0 = Release|AArch64-Android-NVIDIA
		{D2117362-E417-4F91-BEAA-00EAD9421529}.Release|AArch64-Android-NVIDIA.Deploy.0 = Release|AArch64-Android-NVIDIA
		{D2117362-E417-4F91-BEAA-00EAD9421529}.Release|ARM-Android-NVIDIA.ActiveCfg = Release|ARM-Android-NVIDIA
		{D2117362-E417-4F91-BEAA-00EAD9421529}.Release|ARM-Android-NVIDIA.Build.0 = Release|ARM-Android-NVIDIA
		{D2117362-E417-4F91-BEAA-00EAD9421529}.Release|ARM-Android-NVIDIA.Deploy.0 = Release|ARM-Android-NVIDIA
		{D2117362-E417-4F91-BEAA-00EAD9421529}.Release|x86-Android-NVIDIA.ActiveCfg = Release|x86-Android-NVIDIA
		{D2117362-E417-4F91-BEAA-00EAD9421529}.Release|x86-Android-NVIDIA.Build.0 = Release|x86-Android-NVIDIA
		{D2117362-E417-4F91-BEAA-00EAD9421529}.Release|x86-Android-NVIDIA.Deploy.0 = Release|x86-Android-NVIDIA
	EndGlobalSection
	GlobalSection(SolutionProperties) = preSolution
		HideSolutionNode = FALSE
	EndGlobalSection
EndGlobal
