
Microsoft Visual Studio Solution File, Format Version 11.00
# Visual Studio 2010
Project("{8BC9CEB8-8B4A-11D0-8D11-00A0C91BC942}") = "3d", "3d.vcxproj", "{5A98E73F-8076-44A3-B939-AE6917E92C66}"
EndProject
Project("{8BC9CEB8-8B4A-11D0-8D11-00A0C91BC942}") = "3d_multi", "3d_multi.vcxproj", "{DF3CFD73-F875-4015-903B-8FDC06089EDE}"
EndProject
Project("{8BC9CEB8-8B4A-11D0-8D11-00A0C91BC942}") = "event_parameter", "event_parameter.vcxproj", "{8C904CC6-CE97-4287-82AF-F2C10ABD209E}"
EndProject
Project("{8BC9CEB8-8B4A-11D0-8D11-00A0C91BC942}") = "load_banks", "load_banks.vcxproj", "{AD6E0FDE-DBAC-4BB1-87E8-D3E2301B2DF1}"
EndProject
Project("{8BC9CEB8-8B4A-11D0-8D11-00A0C91BC942}") = "music_callbacks", "music_callbacks.vcxproj", "{363BE835-4681-486E-B4B2-03B44F957A8A}"
EndProject
Project("{8BC9CEB8-8B4A-11D0-8D11-00A0C91BC942}") = "objectpan", "objectpan.vcxproj", "{2172FFBF-1CD6-478D-8062-5ACE417CEF8F}"
EndProject
Project("{8BC9CEB8-8B4A-11D0-8D11-00A0C91BC942}") = "programmer_sound", "programmer_sound.vcxproj", "{B882FFF3-2B03-4CA9-8308-66974E6A1A0F}"
EndProject
Project("{8BC9CEB8-8B4A-11D0-8D11-00A0C91BC942}") = "recording_playback", "recording_playback.vcxproj", "{790B69EE-32A4-42CF-B78D-646EC7B47247}"
EndProject
Project("{8BC9CEB8-8B4A-11D0-8D11-00A0C91BC942}") = "simple_event", "simple_event.vcxproj", "{70E8727B-FCCB-48AC-A34D-ACCF25B27395}"
EndProject
Global
	GlobalSection(SolutionConfigurationPlatforms) = preSolution
		Debug|AArch64-Android-NVIDIA = Debug|AArch64-Android-NVIDIA
		Debug|ARM-Android-NVIDIA = Debug|ARM-Android-NVIDIA
		Debug|x86-Android-NVIDIA = Debug|x86-Android-NVIDIA
		Release|AArch64-Android-NVIDIA = Release|AArch64-Android-NVIDIA
		Release|ARM-Android-NVIDIA = Release|ARM-Android-NVIDIA
		Release|x86-Android-NVIDIA = Release|x86-Android-NVIDIA
	EndGlobalSection
	GlobalSection(ProjectConfigurationPlatforms) = postSolution
		{5A98E73F-8076-44A3-B939-AE6917E92C66}.Debug|AArch64-Android-NVIDIA.ActiveCfg = Debug|AArch64-Android-NVIDIA
		{5A98E73F-8076-44A3-B939-AE6917E92C66}.Debug|AArch64-Android-NVIDIA.Build.0 = Debug|AArch64-Android-NVIDIA
		{5A98E73F-8076-44A3-B939-AE6917E92C66}.Debug|AArch64-Android-NVIDIA.Deploy.0 = Debug|AArch64-Android-NVIDIA
		{5A98E73F-8076-44A3-B939-AE6917E92C66}.Debug|ARM-Android-NVIDIA.ActiveCfg = Debug|ARM-Android-NVIDIA
		{5A98E73F-8076-44A3-B939-AE6917E92C66}.Debug|ARM-Android-NVIDIA.Build.0 = Debug|ARM-Android-NVIDIA
		{5A98E73F-8076-44A3-B939-AE6917E92C66}.Debug|ARM-Android-NVIDIA.Deploy.0 = Debug|ARM-Android-NVIDIA
		{5A98E73F-8076-44A3-B939-AE6917E92C66}.Debug|x86-Android-NVIDIA.ActiveCfg = Debug|x86-Android-NVIDIA
		{5A98E73F-8076-44A3-B939-AE6917E92C66}.Debug|x86-Android-NVIDIA.Build.0 = Debug|x86-Android-NVIDIA
		{5A98E73F-8076-44A3-B939-AE6917E92C66}.Debug|x86-Android-NVIDIA.Deploy.0 = Debug|x86-Android-NVIDIA
		{5A98E73F-8076-44A3-B939-AE6917E92C66}.Release|AArch64-Android-NVIDIA.ActiveCfg = Release|AArch64-Android-NVIDIA
		{5A98E73F-8076-44A3-B939-AE6917E92C66}.Release|AArch64-Android-NVIDIA.Build.0 = Release|AArch64-Android-NVIDIA
		{5A98E73F-8076-44A3-B939-AE6917E92C66}.Release|AArch64-Android-NVIDIA.Deploy.0 = Release|AArch64-Android-NVIDIA
		{5A98E73F-8076-44A3-B939-AE6917E92C66}.Release|ARM-Android-NVIDIA.ActiveCfg = Release|ARM-Android-NVIDIA
		{5A98E73F-8076-44A3-B939-AE6917E92C66}.Release|ARM-Android-NVIDIA.Build.0 = Release|ARM-Android-NVIDIA
		{5A98E73F-8076-44A3-B939-AE6917E92C66}.Release|ARM-Android-NVIDIA.Deploy.0 = Release|ARM-Android-NVIDIA
		{5A98E73F-8076-44A3-B939-AE6917E92C66}.Release|x86-Android-NVIDIA.ActiveCfg = Release|x86-Android-NVIDIA
		{5A98E73F-8076-44A3-B939-AE6917E92C66}.Release|x86-Android-NVIDIA.Build.0 = Release|x86-Android-NVIDIA
		{5A98E73F-8076-44A3-B939-AE6917E92C66}.Release|x86-Android-NVIDIA.Deploy.0 = Release|x86-Android-NVIDIA
		{DF3CFD73-F875-4015-903B-8FDC06089EDE}.Debug|AArch64-Android-NVIDIA.ActiveCfg = Debug|AArch64-Android-NVIDIA
		{DF3CFD73-F875-4015-903B-8FDC06089EDE}.Debug|AArch64-Android-NVIDIA.Build.0 = Debug|AArch64-Android-NVIDIA
		{DF3CFD73-F875-4015-903B-8FDC06089EDE}.Debug|AArch64-Android-NVIDIA.Deploy.0 = Debug|AArch64-Android-NVIDIA
		{DF3CFD73-F875-4015-903B-8FDC06089EDE}.Debug|ARM-Android-NVIDIA.ActiveCfg = Debug|ARM-Android-NVIDIA
		{DF3CFD73-F875-4015-903B-8FDC06089EDE}.Debug|ARM-Android-NVIDIA.Build.0 = Debug|ARM-Android-NVIDIA
		{DF3CFD73-F875-4015-903B-8FDC06089EDE}.Debug|ARM-Android-NVIDIA.Deploy.0 = Debug|ARM-Android-NVIDIA
		{DF3CFD73-F875-4015-903B-8FDC06089EDE}.Debug|x86-Android-NVIDIA.ActiveCfg = Debug|x86-Android-NVIDIA
		{DF3CFD73-F875-4015-903B-8FDC06089EDE}.Debug|x86-Android-NVIDIA.Build.0 = Debug|x86-Android-NVIDIA
		{DF3CFD73-F875-4015-903B-8FDC06089EDE}.Debug|x86-Android-NVIDIA.Deploy.0 = Debug|x86-Android-NVIDIA
		{DF3CFD73-F875-4015-903B-8FDC06089EDE}.Release|AArch64-Android-NVIDIA.ActiveCfg = Release|AArch64-Android-NVIDIA
		{DF3CFD73-F875-4015-903B-8FDC06089EDE}.Release|AArch64-Android-NVIDIA.Build.0 = Release|AArch64-Android-NVIDIA
		{DF3CFD73-F875-4015-903B-8FDC06089EDE}.Release|AArch64-Android-NVIDIA.Deploy.0 = Release|AArch64-Android-NVIDIA
		{DF3CFD73-F875-4015-903B-8FDC06089EDE}.Release|ARM-Android-NVIDIA.ActiveCfg = Release|ARM-Android-NVIDIA
		{DF3CFD73-F875-4015-903B-8FDC06089EDE}.Release|ARM-Android-NVIDIA.Build.0 = Release|ARM-Android-NVIDIA
		{DF3CFD73-F875-4015-903B-8FDC06089EDE}.Release|ARM-Android-NVIDIA.Deploy.0 = Release|ARM-Android-NVIDIA
		{DF3CFD73-F875-4015-903B-8FDC06089EDE}.Release|x86-Android-NVIDIA.ActiveCfg = Release|x86-Android-NVIDIA
		{DF3CFD73-F875-4015-903B-8FDC06089EDE}.Release|x86-Android-NVIDIA.Build.0 = Release|x86-Android-NVIDIA
		{DF3CFD73-F875-4015-903B-8FDC06089EDE}.Release|x86-Android-NVIDIA.Deploy.0 = Release|x86-Android-NVIDIA
		{8C904CC6-CE97-4287-82AF-F2C10ABD209E}.Debug|AArch64-Android-NVIDIA.ActiveCfg = Debug|AArch64-Android-NVIDIA
		{8C904CC6-CE97-4287-82AF-F2C10ABD209E}.Debug|AArch64-Android-NVIDIA.Build.0 = Debug|AArch64-Android-NVIDIA
		{8C904CC6-CE97-4287-82AF-F2C10ABD209E}.Debug|AArch64-Android-NVIDIA.Deploy.0 = Debug|AArch64-Android-NVIDIA
		{8C904CC6-CE97-4287-82AF-F2C10ABD209E}.Debug|ARM-Android-NVIDIA.ActiveCfg = Debug|ARM-Android-NVIDIA
		{8C904CC6-CE97-4287-82AF-F2C10ABD209E}.Debug|ARM-Android-NVIDIA.Build.0 = Debug|ARM-Android-NVIDIA
		{8C904CC6-CE97-4287-82AF-F2C10ABD209E}.Debug|ARM-Android-NVIDIA.Deploy.0 = Debug|ARM-Android-NVIDIA
		{8C904CC6-CE97-4287-82AF-F2C10ABD209E}.Debug|x86-Android-NVIDIA.ActiveCfg = Debug|x86-Android-NVIDIA
		{8C904CC6-CE97-4287-82AF-F2C10ABD209E}.Debug|x86-Android-NVIDIA.Build.0 = Debug|x86-Android-NVIDIA
		{8C904CC6-CE97-4287-82AF-F2C10ABD209E}.Debug|x86-Android-NVIDIA.Deploy.0 = Debug|x86-Android-NVIDIA
		{8C904CC6-CE97-4287-82AF-F2C10ABD209E}.Release|AArch64-Android-NVIDIA.ActiveCfg = Release|AArch64-Android-NVIDIA
		{8C904CC6-CE97-4287-82AF-F2C10ABD209E}.Release|AArch64-Android-NVIDIA.Build.0 = Release|AArch64-Android-NVIDIA
		{8C904CC6-CE97-4287-82AF-F2C10ABD209E}.Release|AArch64-Android-NVIDIA.Deploy.0 = Release|AArch64-Android-NVIDIA
		{8C904CC6-CE97-4287-82AF-F2C10ABD209E}.Release|ARM-Android-NVIDIA.ActiveCfg = Release|ARM-Android-NVIDIA
		{8C904CC6-CE97-4287-82AF-F2C10ABD209E}.Release|ARM-Android-NVIDIA.Build.0 = Release|ARM-Android-NVIDIA
		{8C904CC6-CE97-4287-82AF-F2C10ABD209E}.Release|ARM-Android-NVIDIA.Deploy.0 = Release|ARM-Android-NVIDIA
		{8C904CC6-CE97-4287-82AF-F2C10ABD209E}.Release|x86-Android-NVIDIA.ActiveCfg = Release|x86-Android-NVIDIA
		{8C904CC6-CE97-4287-82AF-F2C10ABD209E}.Release|x86-Android-NVIDIA.Build.0 = Release|x86-Android-NVIDIA
		{8C904CC6-CE97-4287-82AF-F2C10ABD209E}.Release|x86-Android-NVIDIA.Deploy.0 = Release|x86-Android-NVIDIA
		{AD6E0FDE-DBAC-4BB1-87E8-D3E2301B2DF1}.Debug|AArch64-Android-NVIDIA.ActiveCfg = Debug|AArch64-Android-NVIDIA
		{AD6E0FDE-DBAC-4BB1-87E8-D3E2301B2DF1}.Debug|AArch64-Android-NVIDIA.Build.0 = Debug|AArch64-Android-NVIDIA
		{AD6E0FDE-DBAC-4BB1-87E8-D3E2301B2DF1}.Debug|AArch64-Android-NVIDIA.Deploy.0 = Debug|AArch64-Android-NVIDIA
		{AD6E0FDE-DBAC-4BB1-87E8-D3E2301B2DF1}.Debug|ARM-Android-NVIDIA.ActiveCfg = Debug|ARM-Android-NVIDIA
		{AD6E0FDE-DBAC-4BB1-87E8-D3E2301B2DF1}.Debug|ARM-Android-NVIDIA.Build.0 = Debug|ARM-Android-NVIDIA
		{AD6E0FDE-DBAC-4BB1-87E8-D3E2301B2DF1}.Debug|ARM-Android-NVIDIA.Deploy.0 = Debug|ARM-Android-NVIDIA
		{AD6E0FDE-DBAC-4BB1-87E8-D3E2301B2DF1}.Debug|x86-Android-NVIDIA.ActiveCfg = Debug|x86-Android-NVIDIA
		{AD6E0FDE-DBAC-4BB1-87E8-D3E2301B2DF1}.Debug|x86-Android-NVIDIA.Build.0 = Debug|x86-Android-NVIDIA
		{AD6E0FDE-DBAC-4BB1-87E8-D3E2301B2DF1}.Debug|x86-Android-NVIDIA.Deploy.0 = Debug|x86-Android-NVIDIA
		{AD6E0FDE-DBAC-4BB1-87E8-D3E2301B2DF1}.Release|AArch64-Android-NVIDIA.ActiveCfg = Release|AArch64-Android-NVIDIA
		{AD6E0FDE-DBAC-4BB1-87E8-D3E2301B2DF1}.Release|AArch64-Android-NVIDIA.Build.0 = Release|AArch64-Android-NVIDIA
		{AD6E0FDE-DBAC-4BB1-87E8-D3E2301B2DF1}.Release|AArch64-Android-NVIDIA.Deploy.0 = Release|AArch64-Android-NVIDIA
		{AD6E0FDE-DBAC-4BB1-87E8-D3E2301B2DF1}.Release|ARM-Android-NVIDIA.ActiveCfg = Release|ARM-Android-NVIDIA
		{AD6E0FDE-DBAC-4BB1-87E8-D3E2301B2DF1}.Release|ARM-Android-NVIDIA.Build.0 = Release|ARM-Android-NVIDIA
		{AD6E0FDE-DBAC-4BB1-87E8-D3E2301B2DF1}.Release|ARM-Android-NVIDIA.Deploy.0 = Release|ARM-Android-NVIDIA
		{AD6E0FDE-DBAC-4BB1-87E8-D3E2301B2DF1}.Release|x86-Android-NVIDIA.ActiveCfg = Release|x86-Android-NVIDIA
		{AD6E0FDE-DBAC-4BB1-87E8-D3E2301B2DF1}.Release|x86-Android-NVIDIA.Build.0 = Release|x86-Android-NVIDIA
		{AD6E0FDE-DBAC-4BB1-87E8-D3E2301B2DF1}.Release|x86-Android-NVIDIA.Deploy.0 = Release|x86-Android-NVIDIA
		{363BE835-4681-486E-B4B2-03B44F957A8A}.Debug|AArch64-Android-NVIDIA.ActiveCfg = Debug|AArch64-Android-NVIDIA
		{363BE835-4681-486E-B4B2-03B44F957A8A}.Debug|AArch64-Android-NVIDIA.Build.0 = Debug|AArch64-Android-NVIDIA
		{363BE835-4681-486E-B4B2-03B44F957A8A}.Debug|AArch64-Android-NVIDIA.Deploy.0 = Debug|AArch64-Android-NVIDIA
		{363BE835-4681-486E-B4B2-03B44F957A8A}.Debug|ARM-Android-NVIDIA.ActiveCfg = Debug|ARM-Android-NVIDIA
		{363BE835-4681-486E-B4B2-03B44F957A8A}.Debug|ARM-Android-NVIDIA.Build.0 = Debug|ARM-Android-NVIDIA
		{363BE835-4681-486E-B4B2-03B44F957A8A}.Debug|ARM-Android-NVIDIA.Deploy.0 = Debug|ARM-Android-NVIDIA
		{363BE835-4681-486E-B4B2-03B44F957A8A}.Debug|x86-Android-NVIDIA.ActiveCfg = Debug|x86-Android-NVIDIA
		{363BE835-4681-486E-B4B2-03B44F957A8A}.Debug|x86-Android-NVIDIA.Build.0 = Debug|x86-Android-NVIDIA
		{363BE835-4681-486E-B4B2-03B44F957A8A}.Debug|x86-Android-NVIDIA.Deploy.0 = Debug|x86-Android-NVIDIA
		{363BE835-4681-486E-B4B2-03B44F957A8A}.Release|AArch64-Android-NVIDIA.ActiveCfg = Release|AArch64-Android-NVIDIA
		{363BE835-4681-486E-B4B2-03B44F957A8A}.Release|AArch64-Android-NVIDIA.Build.0 = Release|AArch64-Android-NVIDIA
		{363BE835-4681-486E-B4B2-03B44F957A8A}.Release|AArch64-Android-NVIDIA.Deploy.0 = Release|AArch64-Android-NVIDIA
		{363BE835-4681-486E-B4B2-03B44F957A8A}.Release|ARM-Android-NVIDIA.ActiveCfg = Release|ARM-Android-NVIDIA
		{363BE835-4681-486E-B4B2-03B44F957A8A}.Release|ARM-Android-NVIDIA.Build.0 = Release|ARM-Android-NVIDIA
		{363BE835-4681-486E-B4B2-03B44F957A8A}.Release|ARM-Android-NVIDIA.Deploy.0 = Release|ARM-Android-NVIDIA
		{363BE835-4681-486E-B4B2-03B44F957A8A}.Release|x86-Android-NVIDIA.ActiveCfg = Release|x86-Android-NVIDIA
		{363BE835-4681-486E-B4B2-03B44F957A8A}.Release|x86-Android-NVIDIA.Build.0 = Release|x86-Android-NVIDIA
		{363BE835-4681-486E-B4B2-03B44F957A8A}.Release|x86-Android-NVIDIA.Deploy.0 = Release|x86-Android-NVIDIA
		{2172FFBF-1CD6-478D-8062-5ACE417CEF8F}.Debug|AArch64-Android-NVIDIA.ActiveCfg = Debug|AArch64-Android-NVIDIA
		{2172FFBF-1CD6-478D-8062-5ACE417CEF8F}.Debug|AArch64-Android-NVIDIA.Build.0 = Debug|AArch64-Android-NVIDIA
		{2172FFBF-1CD6-478D-8062-5ACE417CEF8F}.Debug|AArch64-Android-NVIDIA.Deploy.0 = Debug|AArch64-Android-NVIDIA
		{2172FFBF-1CD6-478D-8062-5ACE417CEF8F}.Debug|ARM-Android-NVIDIA.ActiveCfg = Debug|ARM-Android-NVIDIA
		{2172FFBF-1CD6-478D-8062-5ACE417CEF8F}.Debug|ARM-Android-NVIDIA.Build.0 = Debug|ARM-Android-NVIDIA
		{2172FFBF-1CD6-478D-8062-5ACE417CEF8F}.Debug|ARM-Android-NVIDIA.Deploy.0 = Debug|ARM-Android-NVIDIA
		{2172FFBF-1CD6-478D-8062-5ACE417CEF8F}.Debug|x86-Android-NVIDIA.ActiveCfg = Debug|x86-Android-NVIDIA
		{2172FFBF-1CD6-478D-8062-5ACE417CEF8F}.Debug|x86-Android-NVIDIA.Build.0 = Debug|x86-Android-NVIDIA
		{2172FFBF-1CD6-478D-8062-5ACE417CEF8F}.Debug|x86-Android-NVIDIA.Deploy.0 = Debug|x86-Android-NVIDIA
		{2172FFBF-1CD6-478D-8062-5ACE417CEF8F}.Release|AArch64-Android-NVIDIA.ActiveCfg = Release|AArch64-Android-NVIDIA
		{2172FFBF-1CD6-478D-8062-5ACE417CEF8F}.Release|AArch64-Android-NVIDIA.Build.0 = Release|AArch64-Android-NVIDIA
		{2172FFBF-1CD6-478D-8062-5ACE417CEF8F}.Release|AArch64-Android-NVIDIA.Deploy.0 = Release|AArch64-Android-NVIDIA
		{2172FFBF-1CD6-478D-8062-5ACE417CEF8F}.Release|ARM-Android-NVIDIA.ActiveCfg = Release|ARM-Android-NVIDIA
		{2172FFBF-1CD6-478D-8062-5ACE417CEF8F}.Release|ARM-Android-NVIDIA.Build.0 = Release|ARM-Android-NVIDIA
		{2172FFBF-1CD6-478D-8062-5ACE417CEF8F}.Release|ARM-Android-NVIDIA.Deploy.0 = Release|ARM-Android-NVIDIA
		{2172FFBF-1CD6-478D-8062-5ACE417CEF8F}.Release|x86-Android-NVIDIA.ActiveCfg = Release|x86-Android-NVIDIA
		{2172FFBF-1CD6-478D-8062-5ACE417CEF8F}.Release|x86-Android-NVIDIA.Build.0 = Release|x86-Android-NVIDIA
		{2172FFBF-1CD6-478D-8062-5ACE417CEF8F}.Release|x86-Android-NVIDIA.Deploy.0 = Release|x86-Android-NVIDIA
		{B882FFF3-2B03-4CA9-8308-66974E6A1A0F}.Debug|AArch64-Android-NVIDIA.ActiveCfg = Debug|AArch64-Android-NVIDIA
		{B882FFF3-2B03-4CA9-8308-66974E6A1A0F}.Debug|AArch64-Android-NVIDIA.Build.0 = Debug|AArch64-Android-NVIDIA
		{B882FFF3-2B03-4CA9-8308-66974E6A1A0F}.Debug|AArch64-Android-NVIDIA.Deploy.0 = Debug|AArch64-Android-NVIDIA
		{B882FFF3-2B03-4CA9-8308-66974E6A1A0F}.Debug|ARM-Android-NVIDIA.ActiveCfg = Debug|ARM-Android-NVIDIA
		{B882FFF3-2B03-4CA9-8308-66974E6A1A0F}.Debug|ARM-Android-NVIDIA.Build.0 = Debug|ARM-Android-NVIDIA
		{B882FFF3-2B03-4CA9-8308-66974E6A1A0F}.Debug|ARM-Android-NVIDIA.Deploy.0 = Debug|ARM-Android-NVIDIA
		{B882FFF3-2B03-4CA9-8308-66974E6A1A0F}.Debug|x86-Android-NVIDIA.ActiveCfg = Debug|x86-Android-NVIDIA
		{B882FFF3-2B03-4CA9-8308-66974E6A1A0F}.Debug|x86-Android-NVIDIA.Build.0 = Debug|x86-Android-NVIDIA
		{B882FFF3-2B03-4CA9-8308-66974E6A1A0F}.Debug|x86-Android-NVIDIA.Deploy.0 = Debug|x86-Android-NVIDIA
		{B882FFF3-2B03-4CA9-8308-66974E6A1A0F}.Release|AArch64-Android-NVIDIA.ActiveCfg = Release|AArch64-Android-NVIDIA
		{B882FFF3-2B03-4CA9-8308-66974E6A1A0F}.Release|AArch64-Android-NVIDIA.Build.0 = Release|AArch64-Android-NVIDIA
		{B882FFF3-2B03-4CA9-8308-66974E6A1A0F}.Release|AArch64-Android-NVIDIA.Deploy.0 = Release|AArch64-Android-NVIDIA
		{B882FFF3-2B03-4CA9-8308-66974E6A1A0F}.Release|ARM-Android-NVIDIA.ActiveCfg = Release|ARM-Android-NVIDIA
		{B882FFF3-2B03-4CA9-8308-66974E6A1A0F}.Release|ARM-Android-NVIDIA.Build.0 = Release|ARM-Android-NVIDIA
		{B882FFF3-2B03-4CA9-8308-66974E6A1A0F}.Release|ARM-Android-NVIDIA.Deploy.0 = Release|ARM-Android-NVIDIA
		{B882FFF3-2B03-4CA9-8308-66974E6A1A0F}.Release|x86-Android-NVIDIA.ActiveCfg = Release|x86-Android-NVIDIA
		{B882FFF3-2B03-4CA9-8308-66974E6A1A0F}.Release|x86-Android-NVIDIA.Build.0 = Release|x86-Android-NVIDIA
		{B882FFF3-2B03-4CA9-8308-66974E6A1A0F}.Release|x86-Android-NVIDIA.Deploy.0 = Release|x86-Android-NVIDIA
		{790B69EE-32A4-42CF-B78D-646EC7B47247}.Debug|AArch64-Android-NVIDIA.ActiveCfg = Debug|AArch64-Android-NVIDIA
		{790B69EE-32A4-42CF-B78D-646EC7B47247}.Debug|AArch64-Android-NVIDIA.Build.0 = Debug|AArch64-Android-NVIDIA
		{790B69EE-32A4-42CF-B78D-646EC7B47247}.Debug|AArch64-Android-NVIDIA.Deploy.0 = Debug|AArch64-Android-NVIDIA
		{790B69EE-32A4-42CF-B78D-646EC7B47247}.Debug|ARM-Android-NVIDIA.ActiveCfg = Debug|ARM-Android-NVIDIA
		{790B69EE-32A4-42CF-B78D-646EC7B47247}.Debug|ARM-Android-NVIDIA.Build.0 = Debug|ARM-Android-NVIDIA
		{790B69EE-32A4-42CF-B78D-646EC7B47247}.Debug|ARM-Android-NVIDIA.Deploy.0 = Debug|ARM-Android-NVIDIA
		{790B69EE-32A4-42CF-B78D-646EC7B47247}.Debug|x86-Android-NVIDIA.ActiveCfg = Debug|x86-Android-NVIDIA
		{790B69EE-32A4-42CF-B78D-646EC7B47247}.Debug|x86-Android-NVIDIA.Build.0 = Debug|x86-Android-NVIDIA
		{790B69EE-32A4-42CF-B78D-646EC7B47247}.Debug|x86-Android-NVIDIA.Deploy.0 = Debug|x86-Android-NVIDIA
		{790B69EE-32A4-42CF-B78D-646EC7B47247}.Release|AArch64-Android-NVIDIA.ActiveCfg = Release|AArch64-Android-NVIDIA
		{790B69EE-32A4-42CF-B78D-646EC7B47247}.Release|AArch64-Android-NVIDIA.Build.0 = Release|AArch64-Android-NVIDIA
		{790B69EE-32A4-42CF-B78D-646EC7B47247}.Release|AArch64-Android-NVIDIA.Deploy.0 = Release|AArch64-Android-NVIDIA
		{790B69EE-32A4-42CF-B78D-646EC7B47247}.Release|ARM-Android-NVIDIA.ActiveCfg = Release|ARM-Android-NVIDIA
		{790B69EE-32A4-42CF-B78D-646EC7B47247}.Release|ARM-Android-NVIDIA.Build.0 = Release|ARM-Android-NVIDIA
		{790B69EE-32A4-42CF-B78D-646EC7B47247}.Release|ARM-Android-NVIDIA.Deploy.0 = Release|ARM-Android-NVIDIA
		{790B69EE-32A4-42CF-B78D-646EC7B47247}.Release|x86-Android-NVIDIA.ActiveCfg = Release|x86-Android-NVIDIA
		{790B69EE-32A4-42CF-B78D-646EC7B47247}.Release|x86-Android-NVIDIA.Build.0 = Release|x86-Android-NVIDIA
		{790B69EE-32A4-42CF-B78D-646EC7B47247}.Release|x86-Android-NVIDIA.Deploy.0 = Release|x86-Android-NVIDIA
		{70E8727B-FCCB-48AC-A34D-ACCF25B27395}.Debug|AArch64-Android-NVIDIA.ActiveCfg = Debug|AArch64-Android-NVIDIA
		{70E8727B-FCCB-48AC-A34D-ACCF25B27395}.Debug|AArch64-Android-NVIDIA.Build.0 = Debug|AArch64-Android-NVIDIA
		{70E8727B-FCCB-48AC-A34D-ACCF25B27395}.Debug|AArch64-Android-NVIDIA.Deploy.0 = Debug|AArch64-Android-NVIDIA
		{70E8727B-FCCB-48AC-A34D-ACCF25B27395}.Debug|ARM-Android-NVIDIA.ActiveCfg = Debug|ARM-Android-NVIDIA
		{70E8727B-FCCB-48AC-A34D-ACCF25B27395}.Debug|ARM-Android-NVIDIA.Build.0 = Debug|ARM-Android-NVIDIA
		{70E8727B-FCCB-48AC-A34D-ACCF25B27395}.Debug|ARM-Android-NVIDIA.Deploy.0 = Debug|ARM-Android-NVIDIA
		{70E8727B-FCCB-48AC-A34D-ACCF25B27395}.Debug|x86-Android-NVIDIA.ActiveCfg = Debug|x86-Android-NVIDIA
		{70E8727B-FCCB-48AC-A34D-ACCF25B27395}.Debug|x86-Android-NVIDIA.Build.0 = Debug|x86-Android-NVIDIA
		{70E8727B-FCCB-48AC-A34D-ACCF25B27395}.Debug|x86-Android-NVIDIA.Deploy.0 = Debug|x86-Android-NVIDIA
		{70E8727B-FCCB-48AC-A34D-ACCF25B27395}.Release|AArch64-Android-NVIDIA.ActiveCfg = Release|AArch64-Android-NVIDIA
		{70E8727B-FCCB-48AC-A34D-ACCF25B27395}.Release|AArch64-Android-NVIDIA.Build.0 = Release|AArch64-Android-NVIDIA
		{70E8727B-FCCB-48AC-A34D-ACCF25B27395}.Release|AArch64-Android-NVIDIA.Deploy.0 = Release|AArch64-Android-NVIDIA
		{70E8727B-FCCB-48AC-A34D-ACCF25B27395}.Release|ARM-Android-NVIDIA.ActiveCfg = Release|ARM-Android-NVIDIA
		{70E8727B-FCCB-48AC-A34D-ACCF25B27395}.Release|ARM-Android-NVIDIA.Build.0 = Release|ARM-Android-NVIDIA
		{70E8727B-FCCB-48AC-A34D-ACCF25B27395}.Release|ARM-Android-NVIDIA.Deploy.0 = Release|ARM-Android-NVIDIA
		{70E8727B-FCCB-48AC-A34D-ACCF25B27395}.Release|x86-Android-NVIDIA.ActiveCfg = Release|x86-Android-NVIDIA
		{70E8727B-FCCB-48AC-A34D-ACCF25B27395}.Release|x86-Android-NVIDIA.Build.0 = Release|x86-Android-NVIDIA
		{70E8727B-FCCB-48AC-A34D-ACCF25B27395}.Release|x86-Android-NVIDIA.Deploy.0 = Release|x86-Android-NVIDIA
	EndGlobalSection
	GlobalSection(SolutionProperties) = preSolution
		HideSolutionNode = FALSE
	EndGlobalSection
EndGlobal
